<?xml version="1.0"?>
<plist version="1.0">
	<dict>
		<key>archiveVersion</key>
		<string>1</string>
		<key>classes</key>
		<dict />
		<key>objectVersion</key>
		<string>46</string>
		<key>objects</key>
		<dict>
			<key>560BF41B37A404F2E9146330</key>
			<dict>
				<key>fileRef</key>
				<string>B979569391DA3C473A5265B5</string>
				<key>isa</key>
				<string>PBXBuildFile</string>
			</dict>
			<key>B979569391DA3C473A5265B5</key>
			<dict>
				<key>explicitFileType</key>
				<string>sourcecode.cpp.cpp</string>
				<key>fileEncoding</key>
				<string>30</string>
				<key>isa</key>
				<string>PBXFileReference</string>
				<key>name</key>
				<string>tinyxmlparser.cpp</string>
				<key>path</key>
				<string>../../../../of_v0.9.8_osx_release/addons/ofxXmlSettings/libs/tinyxmlparser.cpp</string>
				<key>sourceTree</key>
				<string>SOURCE_ROOT</string>
			</dict>
			<key>25653A1486D215120E921428</key>
			<dict>
				<key>fileRef</key>
				<string>B152C95CA4EF85248E595F56</string>
				<key>isa</key>
				<string>PBXBuildFile</string>
			</dict>
			<key>B152C95CA4EF85248E595F56</key>
			<dict>
				<key>explicitFileType</key>
				<string>sourcecode.cpp.cpp</string>
				<key>fileEncoding</key>
				<string>30</string>
				<key>isa</key>
				<string>PBXFileReference</string>
				<key>name</key>
				<string>tinyxmlerror.cpp</string>
				<key>path</key>
				<string>../../../../of_v0.9.8_osx_release/addons/ofxXmlSettings/libs/tinyxmlerror.cpp</string>
				<key>sourceTree</key>
				<string>SOURCE_ROOT</string>
			</dict>
			<key>25A339C87C0864349D3CA7C3</key>
			<dict>
				<key>explicitFileType</key>
				<string>sourcecode.c.h</string>
				<key>fileEncoding</key>
				<string>30</string>
				<key>isa</key>
				<string>PBXFileReference</string>
				<key>name</key>
				<string>tinyxml.h</string>
				<key>path</key>
				<string>../../../../of_v0.9.8_osx_release/addons/ofxXmlSettings/libs/tinyxml.h</string>
				<key>sourceTree</key>
				<string>SOURCE_ROOT</string>
			</dict>
			<key>6E54289412D2D94F45A05113</key>
			<dict>
				<key>children</key>
				<array>
					<string>D85D95660FD1423AFE011150</string>
					<string>25A339C87C0864349D3CA7C3</string>
					<string>B152C95CA4EF85248E595F56</string>
					<string>B979569391DA3C473A5265B5</string>
				</array>
				<key>isa</key>
				<string>PBXGroup</string>
				<key>name</key>
				<string>libs</string>
				<key>sourceTree</key>
				<string>&lt;group&gt;</string>
			</dict>
			<key>3600D807A5B83CD628F7FAB9</key>
			<dict>
				<key>fileRef</key>
				<string>D85D95660FD1423AFE011150</string>
				<key>isa</key>
				<string>PBXBuildFile</string>
			</dict>
			<key>D85D95660FD1423AFE011150</key>
			<dict>
				<key>explicitFileType</key>
				<string>sourcecode.cpp.cpp</string>
				<key>fileEncoding</key>
				<string>30</string>
				<key>isa</key>
				<string>PBXFileReference</string>
				<key>name</key>
				<string>tinyxml.cpp</string>
				<key>path</key>
				<string>../../../../of_v0.9.8_osx_release/addons/ofxXmlSettings/libs/tinyxml.cpp</string>
				<key>sourceTree</key>
				<string>SOURCE_ROOT</string>
			</dict>
			<key>07C2BCD3D10338B0AFFBC285</key>
			<dict>
				<key>explicitFileType</key>
				<string>sourcecode.c.h</string>
				<key>fileEncoding</key>
				<string>30</string>
				<key>isa</key>
				<string>PBXFileReference</string>
				<key>name</key>
				<string>ofxXmlSettings.h</string>
				<key>path</key>
				<string>../../../../of_v0.9.8_osx_release/addons/ofxXmlSettings/src/ofxXmlSettings.h</string>
				<key>sourceTree</key>
				<string>SOURCE_ROOT</string>
			</dict>
			<key>6ECEF0D76BC33727823EADFF</key>
			<dict>
				<key>children</key>
				<array>
					<string>3F40DBD273FCBF4096718B2D</string>
					<string>07C2BCD3D10338B0AFFBC285</string>
				</array>
				<key>isa</key>
				<string>PBXGroup</string>
				<key>name</key>
				<string>src</string>
				<key>sourceTree</key>
				<string>&lt;group&gt;</string>
			</dict>
			<key>1F4FB5C423662B96ADFDCC0B</key>
			<dict>
				<key>children</key>
				<array>
					<string>6ECEF0D76BC33727823EADFF</string>
					<string>6E54289412D2D94F45A05113</string>
				</array>
				<key>isa</key>
				<string>PBXGroup</string>
				<key>name</key>
				<string>ofxXmlSettings</string>
				<key>sourceTree</key>
				<string>&lt;group&gt;</string>
			</dict>
			<key>714E86379B39208FDB716F28</key>
			<dict>
				<key>fileRef</key>
				<string>3F40DBD273FCBF4096718B2D</string>
				<key>isa</key>
				<string>PBXBuildFile</string>
			</dict>
			<key>3F40DBD273FCBF4096718B2D</key>
			<dict>
				<key>explicitFileType</key>
				<string>sourcecode.cpp.cpp</string>
				<key>fileEncoding</key>
				<string>30</string>
				<key>isa</key>
				<string>PBXFileReference</string>
				<key>name</key>
				<string>ofxXmlSettings.cpp</string>
				<key>path</key>
				<string>../../../../of_v0.9.8_osx_release/addons/ofxXmlSettings/src/ofxXmlSettings.cpp</string>
				<key>sourceTree</key>
				<string>SOURCE_ROOT</string>
			</dict>
			<key>8EE0C45000B85DAB029A5172</key>
			<dict>
				<key>explicitFileType</key>
				<string>sourcecode.c.h</string>
				<key>fileEncoding</key>
				<string>30</string>
				<key>isa</key>
				<string>PBXFileReference</string>
				<key>name</key>
				<string>ofxUIWrapper.h</string>
				<key>path</key>
				<string>../../../../of_v0.9.8_osx_release/addons/ofxUI/src/ofxUIWrapper.h</string>
				<key>sourceTree</key>
				<string>SOURCE_ROOT</string>
			</dict>
			<key>BAB1E600B509F797BB3FBBE3</key>
			<dict>
				<key>explicitFileType</key>
				<string>sourcecode.c.h</string>
				<key>fileEncoding</key>
				<string>30</string>
				<key>isa</key>
				<string>PBXFileReference</string>
				<key>name</key>
				<string>ofxUIWidgetWithLabel.h</string>
				<key>path</key>
				<string>../../../../of_v0.9.8_osx_release/addons/ofxUI/src/ofxUIWidgetWithLabel.h</string>
				<key>sourceTree</key>
				<string>SOURCE_ROOT</string>
			</dict>
			<key>36F01A47C14C80D5B1DD8BE1</key>
			<dict>
				<key>fileRef</key>
				<string>5B10035D2E336C0ACDCA01BE</string>
				<key>isa</key>
				<string>PBXBuildFile</string>
			</dict>
			<key>5B10035D2E336C0ACDCA01BE</key>
			<dict>
				<key>explicitFileType</key>
				<string>sourcecode.cpp.cpp</string>
				<key>fileEncoding</key>
				<string>30</string>
				<key>isa</key>
				<string>PBXFileReference</string>
				<key>name</key>
				<string>ofxUIWidgetWithLabel.cpp</string>
				<key>path</key>
				<string>../../../../of_v0.9.8_osx_release/addons/ofxUI/src/ofxUIWidgetWithLabel.cpp</string>
				<key>sourceTree</key>
				<string>SOURCE_ROOT</string>
			</dict>
			<key>E20FD66842F61A5FD11364E4</key>
			<dict>
				<key>explicitFileType</key>
				<string>sourcecode.c.h</string>
				<key>fileEncoding</key>
				<string>30</string>
				<key>isa</key>
				<string>PBXFileReference</string>
				<key>name</key>
				<string>ofxUIWidgets.h</string>
				<key>path</key>
				<string>../../../../of_v0.9.8_osx_release/addons/ofxUI/src/ofxUIWidgets.h</string>
				<key>sourceTree</key>
				<string>SOURCE_ROOT</string>
			</dict>
			<key>794CDF97B2D1AE5F0CA9189B</key>
			<dict>
				<key>explicitFileType</key>
				<string>sourcecode.c.h</string>
				<key>fileEncoding</key>
				<string>30</string>
				<key>isa</key>
				<string>PBXFileReference</string>
				<key>name</key>
				<string>ofxUIWidget.h</string>
				<key>path</key>
				<string>../../../../of_v0.9.8_osx_release/addons/ofxUI/src/ofxUIWidget.h</string>
				<key>sourceTree</key>
				<string>SOURCE_ROOT</string>
			</dict>
			<key>BBF4EB84156F7BA2485DA581</key>
			<dict>
				<key>fileRef</key>
				<string>28A5B8BD7BDA3AE5203F51CD</string>
				<key>isa</key>
				<string>PBXBuildFile</string>
			</dict>
			<key>28A5B8BD7BDA3AE5203F51CD</key>
			<dict>
				<key>explicitFileType</key>
				<string>sourcecode.cpp.cpp</string>
				<key>fileEncoding</key>
				<string>30</string>
				<key>isa</key>
				<string>PBXFileReference</string>
				<key>name</key>
				<string>ofxUIWidget.cpp</string>
				<key>path</key>
				<string>../../../../of_v0.9.8_osx_release/addons/ofxUI/src/ofxUIWidget.cpp</string>
				<key>sourceTree</key>
				<string>SOURCE_ROOT</string>
			</dict>
			<key>184AE9D550491D4B307C6678</key>
			<dict>
				<key>explicitFileType</key>
				<string>sourcecode.c.h</string>
				<key>fileEncoding</key>
				<string>30</string>
				<key>isa</key>
				<string>PBXFileReference</string>
				<key>name</key>
				<string>ofxUIWaveform.h</string>
				<key>path</key>
				<string>../../../../of_v0.9.8_osx_release/addons/ofxUI/src/ofxUIWaveform.h</string>
				<key>sourceTree</key>
				<string>SOURCE_ROOT</string>
			</dict>
			<key>278BF9C0CA085DC05E52AF91</key>
			<dict>
				<key>fileRef</key>
				<string>FAFCB1C70650AB130460543B</string>
				<key>isa</key>
				<string>PBXBuildFile</string>
			</dict>
			<key>FAFCB1C70650AB130460543B</key>
			<dict>
				<key>explicitFileType</key>
				<string>sourcecode.cpp.cpp</string>
				<key>fileEncoding</key>
				<string>30</string>
				<key>isa</key>
				<string>PBXFileReference</string>
				<key>name</key>
				<string>ofxUIWaveform.cpp</string>
				<key>path</key>
				<string>../../../../of_v0.9.8_osx_release/addons/ofxUI/src/ofxUIWaveform.cpp</string>
				<key>sourceTree</key>
				<string>SOURCE_ROOT</string>
			</dict>
			<key>37B811D9E3D8317F8B0162D8</key>
			<dict>
				<key>explicitFileType</key>
				<string>sourcecode.c.h</string>
				<key>fileEncoding</key>
				<string>30</string>
				<key>isa</key>
				<string>PBXFileReference</string>
				<key>name</key>
				<string>ofxUIValuePlotter.h</string>
				<key>path</key>
				<string>../../../../of_v0.9.8_osx_release/addons/ofxUI/src/ofxUIValuePlotter.h</string>
				<key>sourceTree</key>
				<string>SOURCE_ROOT</string>
			</dict>
			<key>49011D87AEC594DF7C082A1D</key>
			<dict>
				<key>fileRef</key>
				<string>1DD09BB88F85FC002211D9C4</string>
				<key>isa</key>
				<string>PBXBuildFile</string>
			</dict>
			<key>1DD09BB88F85FC002211D9C4</key>
			<dict>
				<key>explicitFileType</key>
				<string>sourcecode.cpp.cpp</string>
				<key>fileEncoding</key>
				<string>30</string>
				<key>isa</key>
				<string>PBXFileReference</string>
				<key>name</key>
				<string>ofxUIValuePlotter.cpp</string>
				<key>path</key>
				<string>../../../../of_v0.9.8_osx_release/addons/ofxUI/src/ofxUIValuePlotter.cpp</string>
				<key>sourceTree</key>
				<string>SOURCE_ROOT</string>
			</dict>
			<key>00E7AF136E16F3BFD378D604</key>
			<dict>
				<key>explicitFileType</key>
				<string>sourcecode.c.h</string>
				<key>fileEncoding</key>
				<string>30</string>
				<key>isa</key>
				<string>PBXFileReference</string>
				<key>name</key>
				<string>ofxUIUtils.h</string>
				<key>path</key>
				<string>../../../../of_v0.9.8_osx_release/addons/ofxUI/src/ofxUIUtils.h</string>
				<key>sourceTree</key>
				<string>SOURCE_ROOT</string>
			</dict>
			<key>73CE7F889F7C9430E83C3108</key>
			<dict>
				<key>explicitFileType</key>
				<string>sourcecode.c.h</string>
				<key>fileEncoding</key>
				<string>30</string>
				<key>isa</key>
				<string>PBXFileReference</string>
				<key>name</key>
				<string>ofxUIToggleMatrix.h</string>
				<key>path</key>
				<string>../../../../of_v0.9.8_osx_release/addons/ofxUI/src/ofxUIToggleMatrix.h</string>
				<key>sourceTree</key>
				<string>SOURCE_ROOT</string>
			</dict>
			<key>B77DC0C9768DB1D25BF4A5FC</key>
			<dict>
				<key>fileRef</key>
				<string>791B4DCB284EF9B55B7493B1</string>
				<key>isa</key>
				<string>PBXBuildFile</string>
			</dict>
			<key>791B4DCB284EF9B55B7493B1</key>
			<dict>
				<key>explicitFileType</key>
				<string>sourcecode.cpp.cpp</string>
				<key>fileEncoding</key>
				<string>30</string>
				<key>isa</key>
				<string>PBXFileReference</string>
				<key>name</key>
				<string>ofxUIToggleMatrix.cpp</string>
				<key>path</key>
				<string>../../../../of_v0.9.8_osx_release/addons/ofxUI/src/ofxUIToggleMatrix.cpp</string>
				<key>sourceTree</key>
				<string>SOURCE_ROOT</string>
			</dict>
			<key>084B6FBD28DB64F887A0C20D</key>
			<dict>
				<key>explicitFileType</key>
				<string>sourcecode.c.h</string>
				<key>fileEncoding</key>
				<string>30</string>
				<key>isa</key>
				<string>PBXFileReference</string>
				<key>name</key>
				<string>ofxUIToggle.h</string>
				<key>path</key>
				<string>../../../../of_v0.9.8_osx_release/addons/ofxUI/src/ofxUIToggle.h</string>
				<key>sourceTree</key>
				<string>SOURCE_ROOT</string>
			</dict>
			<key>5B0310371987641EFEB3C69A</key>
			<dict>
				<key>fileRef</key>
				<string>8A9299714E002A0CECF83584</string>
				<key>isa</key>
				<string>PBXBuildFile</string>
			</dict>
			<key>8A9299714E002A0CECF83584</key>
			<dict>
				<key>explicitFileType</key>
				<string>sourcecode.cpp.cpp</string>
				<key>fileEncoding</key>
				<string>30</string>
				<key>isa</key>
				<string>PBXFileReference</string>
				<key>name</key>
				<string>ofxUIToggle.cpp</string>
				<key>path</key>
				<string>../../../../of_v0.9.8_osx_release/addons/ofxUI/src/ofxUIToggle.cpp</string>
				<key>sourceTree</key>
				<string>SOURCE_ROOT</string>
			</dict>
			<key>61F5188111C4CE9E91CB5664</key>
			<dict>
				<key>explicitFileType</key>
				<string>sourcecode.c.h</string>
				<key>fileEncoding</key>
				<string>30</string>
				<key>isa</key>
				<string>PBXFileReference</string>
				<key>name</key>
				<string>ofxUITextInput.h</string>
				<key>path</key>
				<string>../../../../of_v0.9.8_osx_release/addons/ofxUI/src/ofxUITextInput.h</string>
				<key>sourceTree</key>
				<string>SOURCE_ROOT</string>
			</dict>
			<key>8D3A9AC73E25FC9AC0E8CE20</key>
			<dict>
				<key>fileRef</key>
				<string>3B4260024D101A3D666C57FB</string>
				<key>isa</key>
				<string>PBXBuildFile</string>
			</dict>
			<key>3B4260024D101A3D666C57FB</key>
			<dict>
				<key>explicitFileType</key>
				<string>sourcecode.cpp.cpp</string>
				<key>fileEncoding</key>
				<string>30</string>
				<key>isa</key>
				<string>PBXFileReference</string>
				<key>name</key>
				<string>ofxUITextInput.cpp</string>
				<key>path</key>
				<string>../../../../of_v0.9.8_osx_release/addons/ofxUI/src/ofxUITextInput.cpp</string>
				<key>sourceTree</key>
				<string>SOURCE_ROOT</string>
			</dict>
			<key>D8B793CE07A3532B56FEC7EC</key>
			<dict>
				<key>explicitFileType</key>
				<string>sourcecode.c.h</string>
				<key>fileEncoding</key>
				<string>30</string>
				<key>isa</key>
				<string>PBXFileReference</string>
				<key>name</key>
				<string>ofxUITextArea.h</string>
				<key>path</key>
				<string>../../../../of_v0.9.8_osx_release/addons/ofxUI/src/ofxUITextArea.h</string>
				<key>sourceTree</key>
				<string>SOURCE_ROOT</string>
			</dict>
			<key>8153874E44509B5806DBFBD4</key>
			<dict>
				<key>fileRef</key>
				<string>E13626FBECA167CF92AD8BAE</string>
				<key>isa</key>
				<string>PBXBuildFile</string>
			</dict>
			<key>E13626FBECA167CF92AD8BAE</key>
			<dict>
				<key>explicitFileType</key>
				<string>sourcecode.cpp.cpp</string>
				<key>fileEncoding</key>
				<string>30</string>
				<key>isa</key>
				<string>PBXFileReference</string>
				<key>name</key>
				<string>ofxUITextArea.cpp</string>
				<key>path</key>
				<string>../../../../of_v0.9.8_osx_release/addons/ofxUI/src/ofxUITextArea.cpp</string>
				<key>sourceTree</key>
				<string>SOURCE_ROOT</string>
			</dict>
			<key>AA83376F654685FC17666D2A</key>
			<dict>
				<key>explicitFileType</key>
				<string>sourcecode.c.h</string>
				<key>fileEncoding</key>
				<string>30</string>
				<key>isa</key>
				<string>PBXFileReference</string>
				<key>name</key>
				<string>ofxUITabBar.h</string>
				<key>path</key>
				<string>../../../../of_v0.9.8_osx_release/addons/ofxUI/src/ofxUITabBar.h</string>
				<key>sourceTree</key>
				<string>SOURCE_ROOT</string>
			</dict>
			<key>D64970E30DB0A63BB30EF86D</key>
			<dict>
				<key>fileRef</key>
				<string>927EF084D6C23FB1AC1CA568</string>
				<key>isa</key>
				<string>PBXBuildFile</string>
			</dict>
			<key>927EF084D6C23FB1AC1CA568</key>
			<dict>
				<key>explicitFileType</key>
				<string>sourcecode.cpp.cpp</string>
				<key>fileEncoding</key>
				<string>30</string>
				<key>isa</key>
				<string>PBXFileReference</string>
				<key>name</key>
				<string>ofxUITabBar.cpp</string>
				<key>path</key>
				<string>../../../../of_v0.9.8_osx_release/addons/ofxUI/src/ofxUITabBar.cpp</string>
				<key>sourceTree</key>
				<string>SOURCE_ROOT</string>
			</dict>
			<key>BECAB31F46E09C1A6CD5DFFD</key>
			<dict>
				<key>explicitFileType</key>
				<string>sourcecode.c.h</string>
				<key>fileEncoding</key>
				<string>30</string>
				<key>isa</key>
				<string>PBXFileReference</string>
				<key>name</key>
				<string>ofxUISuperCanvas.h</string>
				<key>path</key>
				<string>../../../../of_v0.9.8_osx_release/addons/ofxUI/src/ofxUISuperCanvas.h</string>
				<key>sourceTree</key>
				<string>SOURCE_ROOT</string>
			</dict>
			<key>A1EE04A80FCE4E46CAE38C2B</key>
			<dict>
				<key>fileRef</key>
				<string>44F2877A53653BB54879D82F</string>
				<key>isa</key>
				<string>PBXBuildFile</string>
			</dict>
			<key>44F2877A53653BB54879D82F</key>
			<dict>
				<key>explicitFileType</key>
				<string>sourcecode.cpp.cpp</string>
				<key>fileEncoding</key>
				<string>30</string>
				<key>isa</key>
				<string>PBXFileReference</string>
				<key>name</key>
				<string>ofxUISuperCanvas.cpp</string>
				<key>path</key>
				<string>../../../../of_v0.9.8_osx_release/addons/ofxUI/src/ofxUISuperCanvas.cpp</string>
				<key>sourceTree</key>
				<string>SOURCE_ROOT</string>
			</dict>
			<key>9F709BEF35C7CF66DFFF86BB</key>
			<dict>
				<key>explicitFileType</key>
				<string>sourcecode.c.h</string>
				<key>fileEncoding</key>
				<string>30</string>
				<key>isa</key>
				<string>PBXFileReference</string>
				<key>name</key>
				<string>ofxUISpectrum.h</string>
				<key>path</key>
				<string>../../../../of_v0.9.8_osx_release/addons/ofxUI/src/ofxUISpectrum.h</string>
				<key>sourceTree</key>
				<string>SOURCE_ROOT</string>
			</dict>
			<key>EC59899D199862AAFFEDFD06</key>
			<dict>
				<key>fileRef</key>
				<string>4C13B4D60AC441D954BBB278</string>
				<key>isa</key>
				<string>PBXBuildFile</string>
			</dict>
			<key>4C13B4D60AC441D954BBB278</key>
			<dict>
				<key>explicitFileType</key>
				<string>sourcecode.cpp.cpp</string>
				<key>fileEncoding</key>
				<string>30</string>
				<key>isa</key>
				<string>PBXFileReference</string>
				<key>name</key>
				<string>ofxUISpectrum.cpp</string>
				<key>path</key>
				<string>../../../../of_v0.9.8_osx_release/addons/ofxUI/src/ofxUISpectrum.cpp</string>
				<key>sourceTree</key>
				<string>SOURCE_ROOT</string>
			</dict>
			<key>BBFC577C7FFBC0054BD0FA1C</key>
			<dict>
				<key>explicitFileType</key>
				<string>sourcecode.c.h</string>
				<key>fileEncoding</key>
				<string>30</string>
				<key>isa</key>
				<string>PBXFileReference</string>
				<key>name</key>
				<string>ofxUISpacer.h</string>
				<key>path</key>
				<string>../../../../of_v0.9.8_osx_release/addons/ofxUI/src/ofxUISpacer.h</string>
				<key>sourceTree</key>
				<string>SOURCE_ROOT</string>
			</dict>
			<key>0A9DC511724C8BE7D6CAAD54</key>
			<dict>
				<key>fileRef</key>
				<string>23CC1E99801D156A63A584F1</string>
				<key>isa</key>
				<string>PBXBuildFile</string>
			</dict>
			<key>23CC1E99801D156A63A584F1</key>
			<dict>
				<key>explicitFileType</key>
				<string>sourcecode.cpp.cpp</string>
				<key>fileEncoding</key>
				<string>30</string>
				<key>isa</key>
				<string>PBXFileReference</string>
				<key>name</key>
				<string>ofxUISpacer.cpp</string>
				<key>path</key>
				<string>../../../../of_v0.9.8_osx_release/addons/ofxUI/src/ofxUISpacer.cpp</string>
				<key>sourceTree</key>
				<string>SOURCE_ROOT</string>
			</dict>
			<key>5D2497FC090473E92BAC4C41</key>
			<dict>
				<key>explicitFileType</key>
				<string>sourcecode.c.h</string>
				<key>fileEncoding</key>
				<string>30</string>
				<key>isa</key>
				<string>PBXFileReference</string>
				<key>name</key>
				<string>ofxUISortableList.h</string>
				<key>path</key>
				<string>../../../../of_v0.9.8_osx_release/addons/ofxUI/src/ofxUISortableList.h</string>
				<key>sourceTree</key>
				<string>SOURCE_ROOT</string>
			</dict>
			<key>A4F862192091757C275DC13C</key>
			<dict>
				<key>fileRef</key>
				<string>9E73D0215141D8DF5967590F</string>
				<key>isa</key>
				<string>PBXBuildFile</string>
			</dict>
			<key>9E73D0215141D8DF5967590F</key>
			<dict>
				<key>explicitFileType</key>
				<string>sourcecode.cpp.cpp</string>
				<key>fileEncoding</key>
				<string>30</string>
				<key>isa</key>
				<string>PBXFileReference</string>
				<key>name</key>
				<string>ofxUISortableList.cpp</string>
				<key>path</key>
				<string>../../../../of_v0.9.8_osx_release/addons/ofxUI/src/ofxUISortableList.cpp</string>
				<key>sourceTree</key>
				<string>SOURCE_ROOT</string>
			</dict>
			<key>162EB16E40E193D4C83508EB</key>
			<dict>
				<key>explicitFileType</key>
				<string>sourcecode.c.h</string>
				<key>fileEncoding</key>
				<string>30</string>
				<key>isa</key>
				<string>PBXFileReference</string>
				<key>name</key>
				<string>ofxUISlider.h</string>
				<key>path</key>
				<string>../../../../of_v0.9.8_osx_release/addons/ofxUI/src/ofxUISlider.h</string>
				<key>sourceTree</key>
				<string>SOURCE_ROOT</string>
			</dict>
			<key>20BFE4AA60748A05BB02B038</key>
			<dict>
				<key>fileRef</key>
				<string>7376F5871AF16C971A8ED819</string>
				<key>isa</key>
				<string>PBXBuildFile</string>
			</dict>
			<key>7376F5871AF16C971A8ED819</key>
			<dict>
				<key>explicitFileType</key>
				<string>sourcecode.cpp.cpp</string>
				<key>fileEncoding</key>
				<string>30</string>
				<key>isa</key>
				<string>PBXFileReference</string>
				<key>name</key>
				<string>ofxUISlider.cpp</string>
				<key>path</key>
				<string>../../../../of_v0.9.8_osx_release/addons/ofxUI/src/ofxUISlider.cpp</string>
				<key>sourceTree</key>
				<string>SOURCE_ROOT</string>
			</dict>
			<key>A049AB3A2DE2BDF109068C42</key>
			<dict>
				<key>explicitFileType</key>
				<string>sourcecode.c.h</string>
				<key>fileEncoding</key>
				<string>30</string>
				<key>isa</key>
				<string>PBXFileReference</string>
				<key>name</key>
				<string>ofxUIScrollableCanvas.h</string>
				<key>path</key>
				<string>../../../../of_v0.9.8_osx_release/addons/ofxUI/src/ofxUIScrollableCanvas.h</string>
				<key>sourceTree</key>
				<string>SOURCE_ROOT</string>
			</dict>
			<key>252E97AE6DD49E9F972A9507</key>
			<dict>
				<key>fileRef</key>
				<string>E4E5429056256C010DF55207</string>
				<key>isa</key>
				<string>PBXBuildFile</string>
			</dict>
			<key>E4E5429056256C010DF55207</key>
			<dict>
				<key>explicitFileType</key>
				<string>sourcecode.cpp.cpp</string>
				<key>fileEncoding</key>
				<string>30</string>
				<key>isa</key>
				<string>PBXFileReference</string>
				<key>name</key>
				<string>ofxUIScrollableCanvas.cpp</string>
				<key>path</key>
				<string>../../../../of_v0.9.8_osx_release/addons/ofxUI/src/ofxUIScrollableCanvas.cpp</string>
				<key>sourceTree</key>
				<string>SOURCE_ROOT</string>
			</dict>
			<key>D4F6EE6105D736A11D64E140</key>
			<dict>
				<key>explicitFileType</key>
				<string>sourcecode.c.h</string>
				<key>fileEncoding</key>
				<string>30</string>
				<key>isa</key>
				<string>PBXFileReference</string>
				<key>name</key>
				<string>ofxUIRotarySlider.h</string>
				<key>path</key>
				<string>../../../../of_v0.9.8_osx_release/addons/ofxUI/src/ofxUIRotarySlider.h</string>
				<key>sourceTree</key>
				<string>SOURCE_ROOT</string>
			</dict>
			<key>56CA485AD324113659842ABD</key>
			<dict>
				<key>fileRef</key>
				<string>773B7E75C35A236B81A1C7EC</string>
				<key>isa</key>
				<string>PBXBuildFile</string>
			</dict>
			<key>773B7E75C35A236B81A1C7EC</key>
			<dict>
				<key>explicitFileType</key>
				<string>sourcecode.cpp.cpp</string>
				<key>fileEncoding</key>
				<string>30</string>
				<key>isa</key>
				<string>PBXFileReference</string>
				<key>name</key>
				<string>ofxUIRotarySlider.cpp</string>
				<key>path</key>
				<string>../../../../of_v0.9.8_osx_release/addons/ofxUI/src/ofxUIRotarySlider.cpp</string>
				<key>sourceTree</key>
				<string>SOURCE_ROOT</string>
			</dict>
			<key>FCDCA3C53E469781B2EC006F</key>
			<dict>
				<key>explicitFileType</key>
				<string>sourcecode.c.h</string>
				<key>fileEncoding</key>
				<string>30</string>
				<key>isa</key>
				<string>PBXFileReference</string>
				<key>name</key>
				<string>ofxUIRectangle.h</string>
				<key>path</key>
				<string>../../../../of_v0.9.8_osx_release/addons/ofxUI/src/ofxUIRectangle.h</string>
				<key>sourceTree</key>
				<string>SOURCE_ROOT</string>
			</dict>
			<key>4DF3D925D4EBEA21FC9714A1</key>
			<dict>
				<key>fileRef</key>
				<string>FD54CC2B5BA0EC7D1FCC2623</string>
				<key>isa</key>
				<string>PBXBuildFile</string>
			</dict>
			<key>FD54CC2B5BA0EC7D1FCC2623</key>
			<dict>
				<key>explicitFileType</key>
				<string>sourcecode.cpp.cpp</string>
				<key>fileEncoding</key>
				<string>30</string>
				<key>isa</key>
				<string>PBXFileReference</string>
				<key>name</key>
				<string>ofxUIRectangle.cpp</string>
				<key>path</key>
				<string>../../../../of_v0.9.8_osx_release/addons/ofxUI/src/ofxUIRectangle.cpp</string>
				<key>sourceTree</key>
				<string>SOURCE_ROOT</string>
			</dict>
			<key>8924B07C6D1A1518295491DF</key>
			<dict>
				<key>explicitFileType</key>
				<string>sourcecode.c.h</string>
				<key>fileEncoding</key>
				<string>30</string>
				<key>isa</key>
				<string>PBXFileReference</string>
				<key>name</key>
				<string>ofxUIRangeSlider.h</string>
				<key>path</key>
				<string>../../../../of_v0.9.8_osx_release/addons/ofxUI/src/ofxUIRangeSlider.h</string>
				<key>sourceTree</key>
				<string>SOURCE_ROOT</string>
			</dict>
			<key>D7A435BD3D65CD4507C83EB9</key>
			<dict>
				<key>fileRef</key>
				<string>6C6B465FAD5BE2988E59029B</string>
				<key>isa</key>
				<string>PBXBuildFile</string>
			</dict>
			<key>6C6B465FAD5BE2988E59029B</key>
			<dict>
				<key>explicitFileType</key>
				<string>sourcecode.cpp.cpp</string>
				<key>fileEncoding</key>
				<string>30</string>
				<key>isa</key>
				<string>PBXFileReference</string>
				<key>name</key>
				<string>ofxUIRangeSlider.cpp</string>
				<key>path</key>
				<string>../../../../of_v0.9.8_osx_release/addons/ofxUI/src/ofxUIRangeSlider.cpp</string>
				<key>sourceTree</key>
				<string>SOURCE_ROOT</string>
			</dict>
			<key>DE092229E442130D298A2715</key>
			<dict>
				<key>explicitFileType</key>
				<string>sourcecode.c.h</string>
				<key>fileEncoding</key>
				<string>30</string>
				<key>isa</key>
				<string>PBXFileReference</string>
				<key>name</key>
				<string>ofxUIRadio.h</string>
				<key>path</key>
				<string>../../../../of_v0.9.8_osx_release/addons/ofxUI/src/ofxUIRadio.h</string>
				<key>sourceTree</key>
				<string>SOURCE_ROOT</string>
			</dict>
			<key>F111B64359AA04F08EA7889F</key>
			<dict>
				<key>fileRef</key>
				<string>069ED1544025ECABBB08F165</string>
				<key>isa</key>
				<string>PBXBuildFile</string>
			</dict>
			<key>069ED1544025ECABBB08F165</key>
			<dict>
				<key>explicitFileType</key>
				<string>sourcecode.cpp.cpp</string>
				<key>fileEncoding</key>
				<string>30</string>
				<key>isa</key>
				<string>PBXFileReference</string>
				<key>name</key>
				<string>ofxUIRadio.cpp</string>
				<key>path</key>
				<string>../../../../of_v0.9.8_osx_release/addons/ofxUI/src/ofxUIRadio.cpp</string>
				<key>sourceTree</key>
				<string>SOURCE_ROOT</string>
			</dict>
			<key>2B6AF9ADF36175FF24575793</key>
			<dict>
				<key>explicitFileType</key>
				<string>sourcecode.c.h</string>
				<key>fileEncoding</key>
				<string>30</string>
				<key>isa</key>
				<string>PBXFileReference</string>
				<key>name</key>
				<string>ofxUIOFWrapper.h</string>
				<key>path</key>
				<string>../../../../of_v0.9.8_osx_release/addons/ofxUI/src/ofxUIOFWrapper.h</string>
				<key>sourceTree</key>
				<string>SOURCE_ROOT</string>
			</dict>
			<key>53AFE2586185C15C66A6CF0B</key>
			<dict>
				<key>explicitFileType</key>
				<string>sourcecode.c.h</string>
				<key>fileEncoding</key>
				<string>30</string>
				<key>isa</key>
				<string>PBXFileReference</string>
				<key>name</key>
				<string>ofxUINumberDialer.h</string>
				<key>path</key>
				<string>../../../../of_v0.9.8_osx_release/addons/ofxUI/src/ofxUINumberDialer.h</string>
				<key>sourceTree</key>
				<string>SOURCE_ROOT</string>
			</dict>
			<key>D6592D016DCDEA8EC09146D6</key>
			<dict>
				<key>fileRef</key>
				<string>027D5221CC8B221A345CA252</string>
				<key>isa</key>
				<string>PBXBuildFile</string>
			</dict>
			<key>027D5221CC8B221A345CA252</key>
			<dict>
				<key>explicitFileType</key>
				<string>sourcecode.cpp.cpp</string>
				<key>fileEncoding</key>
				<string>30</string>
				<key>isa</key>
				<string>PBXFileReference</string>
				<key>name</key>
				<string>ofxUINumberDialer.cpp</string>
				<key>path</key>
				<string>../../../../of_v0.9.8_osx_release/addons/ofxUI/src/ofxUINumberDialer.cpp</string>
				<key>sourceTree</key>
				<string>SOURCE_ROOT</string>
			</dict>
			<key>D3EEE30E2C66206D30AF9F1D</key>
			<dict>
				<key>explicitFileType</key>
				<string>sourcecode.c.h</string>
				<key>fileEncoding</key>
				<string>30</string>
				<key>isa</key>
				<string>PBXFileReference</string>
				<key>name</key>
				<string>ofxUIMultiImageToggle.h</string>
				<key>path</key>
				<string>../../../../of_v0.9.8_osx_release/addons/ofxUI/src/ofxUIMultiImageToggle.h</string>
				<key>sourceTree</key>
				<string>SOURCE_ROOT</string>
			</dict>
			<key>993A2C6E610D00362E2269E9</key>
			<dict>
				<key>fileRef</key>
				<string>329D991B9E54B79CDBE442AD</string>
				<key>isa</key>
				<string>PBXBuildFile</string>
			</dict>
			<key>329D991B9E54B79CDBE442AD</key>
			<dict>
				<key>explicitFileType</key>
				<string>sourcecode.cpp.cpp</string>
				<key>fileEncoding</key>
				<string>30</string>
				<key>isa</key>
				<string>PBXFileReference</string>
				<key>name</key>
				<string>ofxUIMultiImageToggle.cpp</string>
				<key>path</key>
				<string>../../../../of_v0.9.8_osx_release/addons/ofxUI/src/ofxUIMultiImageToggle.cpp</string>
				<key>sourceTree</key>
				<string>SOURCE_ROOT</string>
			</dict>
			<key>978F3ADC6B1C6EF7BCC56604</key>
			<dict>
				<key>explicitFileType</key>
				<string>sourcecode.c.h</string>
				<key>fileEncoding</key>
				<string>30</string>
				<key>isa</key>
				<string>PBXFileReference</string>
				<key>name</key>
				<string>ofxUIMultiImageButton.h</string>
				<key>path</key>
				<string>../../../../of_v0.9.8_osx_release/addons/ofxUI/src/ofxUIMultiImageButton.h</string>
				<key>sourceTree</key>
				<string>SOURCE_ROOT</string>
			</dict>
			<key>379E46D9C25C28252C8E5971</key>
			<dict>
				<key>fileRef</key>
				<string>502E5E43972BE62DC3E76294</string>
				<key>isa</key>
				<string>PBXBuildFile</string>
			</dict>
			<key>502E5E43972BE62DC3E76294</key>
			<dict>
				<key>explicitFileType</key>
				<string>sourcecode.cpp.cpp</string>
				<key>fileEncoding</key>
				<string>30</string>
				<key>isa</key>
				<string>PBXFileReference</string>
				<key>name</key>
				<string>ofxUIMultiImageButton.cpp</string>
				<key>path</key>
				<string>../../../../of_v0.9.8_osx_release/addons/ofxUI/src/ofxUIMultiImageButton.cpp</string>
				<key>sourceTree</key>
				<string>SOURCE_ROOT</string>
			</dict>
			<key>9E213C4212936FCAA5634297</key>
			<dict>
				<key>explicitFileType</key>
				<string>sourcecode.c.h</string>
				<key>fileEncoding</key>
				<string>30</string>
				<key>isa</key>
				<string>PBXFileReference</string>
				<key>name</key>
				<string>ofxUIMovingGraph.h</string>
				<key>path</key>
				<string>../../../../of_v0.9.8_osx_release/addons/ofxUI/src/ofxUIMovingGraph.h</string>
				<key>sourceTree</key>
				<string>SOURCE_ROOT</string>
			</dict>
			<key>305DB0819D680305B8FD1DE7</key>
			<dict>
				<key>fileRef</key>
				<string>EC82149F394A99D107B29EFD</string>
				<key>isa</key>
				<string>PBXBuildFile</string>
			</dict>
			<key>EC82149F394A99D107B29EFD</key>
			<dict>
				<key>explicitFileType</key>
				<string>sourcecode.cpp.cpp</string>
				<key>fileEncoding</key>
				<string>30</string>
				<key>isa</key>
				<string>PBXFileReference</string>
				<key>name</key>
				<string>ofxUIMovingGraph.cpp</string>
				<key>path</key>
				<string>../../../../of_v0.9.8_osx_release/addons/ofxUI/src/ofxUIMovingGraph.cpp</string>
				<key>sourceTree</key>
				<string>SOURCE_ROOT</string>
			</dict>
			<key>055F07CA0875BC43453F53E5</key>
			<dict>
				<key>explicitFileType</key>
				<string>sourcecode.c.h</string>
				<key>fileEncoding</key>
				<string>30</string>
				<key>isa</key>
				<string>PBXFileReference</string>
				<key>name</key>
				<string>ofxUIMinimalSlider.h</string>
				<key>path</key>
				<string>../../../../of_v0.9.8_osx_release/addons/ofxUI/src/ofxUIMinimalSlider.h</string>
				<key>sourceTree</key>
				<string>SOURCE_ROOT</string>
			</dict>
			<key>DB354B4F9C26F6CC22530F6D</key>
			<dict>
				<key>fileRef</key>
				<string>9D7159144DE9AF5E83181F66</string>
				<key>isa</key>
				<string>PBXBuildFile</string>
			</dict>
			<key>9D7159144DE9AF5E83181F66</key>
			<dict>
				<key>explicitFileType</key>
				<string>sourcecode.cpp.cpp</string>
				<key>fileEncoding</key>
				<string>30</string>
				<key>isa</key>
				<string>PBXFileReference</string>
				<key>name</key>
				<string>ofxUIMinimalSlider.cpp</string>
				<key>path</key>
				<string>../../../../of_v0.9.8_osx_release/addons/ofxUI/src/ofxUIMinimalSlider.cpp</string>
				<key>sourceTree</key>
				<string>SOURCE_ROOT</string>
			</dict>
			<key>EA3F65E57811FB1E0A3A9EE0</key>
			<dict>
				<key>explicitFileType</key>
				<string>sourcecode.c.h</string>
				<key>fileEncoding</key>
				<string>30</string>
				<key>isa</key>
				<string>PBXFileReference</string>
				<key>name</key>
				<string>ofxUILabelToggle.h</string>
				<key>path</key>
				<string>../../../../of_v0.9.8_osx_release/addons/ofxUI/src/ofxUILabelToggle.h</string>
				<key>sourceTree</key>
				<string>SOURCE_ROOT</string>
			</dict>
			<key>F32DAF305FE42A1FE6608B44</key>
			<dict>
				<key>fileRef</key>
				<string>24346AE18219C2F0D5D07395</string>
				<key>isa</key>
				<string>PBXBuildFile</string>
			</dict>
			<key>24346AE18219C2F0D5D07395</key>
			<dict>
				<key>explicitFileType</key>
				<string>sourcecode.cpp.cpp</string>
				<key>fileEncoding</key>
				<string>30</string>
				<key>isa</key>
				<string>PBXFileReference</string>
				<key>name</key>
				<string>ofxUILabelToggle.cpp</string>
				<key>path</key>
				<string>../../../../of_v0.9.8_osx_release/addons/ofxUI/src/ofxUILabelToggle.cpp</string>
				<key>sourceTree</key>
				<string>SOURCE_ROOT</string>
			</dict>
			<key>A791A3C6CAD8A3DC7844DB43</key>
			<dict>
				<key>explicitFileType</key>
				<string>sourcecode.c.h</string>
				<key>fileEncoding</key>
				<string>30</string>
				<key>isa</key>
				<string>PBXFileReference</string>
				<key>name</key>
				<string>ofxUILabelButton.h</string>
				<key>path</key>
				<string>../../../../of_v0.9.8_osx_release/addons/ofxUI/src/ofxUILabelButton.h</string>
				<key>sourceTree</key>
				<string>SOURCE_ROOT</string>
			</dict>
			<key>B841B2DEDC31A1E323DF23A7</key>
			<dict>
				<key>fileRef</key>
				<string>F3D568A18F774DE7DEDB90FB</string>
				<key>isa</key>
				<string>PBXBuildFile</string>
			</dict>
			<key>F3D568A18F774DE7DEDB90FB</key>
			<dict>
				<key>explicitFileType</key>
				<string>sourcecode.cpp.cpp</string>
				<key>fileEncoding</key>
				<string>30</string>
				<key>isa</key>
				<string>PBXFileReference</string>
				<key>name</key>
				<string>ofxUILabelButton.cpp</string>
				<key>path</key>
				<string>../../../../of_v0.9.8_osx_release/addons/ofxUI/src/ofxUILabelButton.cpp</string>
				<key>sourceTree</key>
				<string>SOURCE_ROOT</string>
			</dict>
			<key>F816C9E3D6616F5DF9C59CC1</key>
			<dict>
				<key>explicitFileType</key>
				<string>sourcecode.c.h</string>
				<key>fileEncoding</key>
				<string>30</string>
				<key>isa</key>
				<string>PBXFileReference</string>
				<key>name</key>
				<string>ofxUILabel.h</string>
				<key>path</key>
				<string>../../../../of_v0.9.8_osx_release/addons/ofxUI/src/ofxUILabel.h</string>
				<key>sourceTree</key>
				<string>SOURCE_ROOT</string>
			</dict>
			<key>7DD036E144DB382C7AFB24C9</key>
			<dict>
				<key>fileRef</key>
				<string>EC26EFC732EB6C7B452E1EAD</string>
				<key>isa</key>
				<string>PBXBuildFile</string>
			</dict>
			<key>EC26EFC732EB6C7B452E1EAD</key>
			<dict>
				<key>explicitFileType</key>
				<string>sourcecode.cpp.cpp</string>
				<key>fileEncoding</key>
				<string>30</string>
				<key>isa</key>
				<string>PBXFileReference</string>
				<key>name</key>
				<string>ofxUILabel.cpp</string>
				<key>path</key>
				<string>../../../../of_v0.9.8_osx_release/addons/ofxUI/src/ofxUILabel.cpp</string>
				<key>sourceTree</key>
				<string>SOURCE_ROOT</string>
			</dict>
			<key>E55B77E28CAB4CE5103A4483</key>
			<dict>
				<key>explicitFileType</key>
				<string>sourcecode.c.h</string>
				<key>fileEncoding</key>
				<string>30</string>
				<key>isa</key>
				<string>PBXFileReference</string>
				<key>name</key>
				<string>ofxUIImageToggle.h</string>
				<key>path</key>
				<string>../../../../of_v0.9.8_osx_release/addons/ofxUI/src/ofxUIImageToggle.h</string>
				<key>sourceTree</key>
				<string>SOURCE_ROOT</string>
			</dict>
			<key>1230E7F4C8F4908459BA8E7B</key>
			<dict>
				<key>fileRef</key>
				<string>B3C45E378C93E73F81E244B8</string>
				<key>isa</key>
				<string>PBXBuildFile</string>
			</dict>
			<key>B3C45E378C93E73F81E244B8</key>
			<dict>
				<key>explicitFileType</key>
				<string>sourcecode.cpp.cpp</string>
				<key>fileEncoding</key>
				<string>30</string>
				<key>isa</key>
				<string>PBXFileReference</string>
				<key>name</key>
				<string>ofxUIImageToggle.cpp</string>
				<key>path</key>
				<string>../../../../of_v0.9.8_osx_release/addons/ofxUI/src/ofxUIImageToggle.cpp</string>
				<key>sourceTree</key>
				<string>SOURCE_ROOT</string>
			</dict>
			<key>53D74A54DB49764B9593D944</key>
			<dict>
				<key>explicitFileType</key>
				<string>sourcecode.c.h</string>
				<key>fileEncoding</key>
				<string>30</string>
				<key>isa</key>
				<string>PBXFileReference</string>
				<key>name</key>
				<string>ofxUIImageSlider.h</string>
				<key>path</key>
				<string>../../../../of_v0.9.8_osx_release/addons/ofxUI/src/ofxUIImageSlider.h</string>
				<key>sourceTree</key>
				<string>SOURCE_ROOT</string>
			</dict>
			<key>4962FC5A24948336D8E6EE34</key>
			<dict>
				<key>fileRef</key>
				<string>0ABCBD165555F03CC8A5864B</string>
				<key>isa</key>
				<string>PBXBuildFile</string>
			</dict>
			<key>0ABCBD165555F03CC8A5864B</key>
			<dict>
				<key>explicitFileType</key>
				<string>sourcecode.cpp.cpp</string>
				<key>fileEncoding</key>
				<string>30</string>
				<key>isa</key>
				<string>PBXFileReference</string>
				<key>name</key>
				<string>ofxUIImageSlider.cpp</string>
				<key>path</key>
				<string>../../../../of_v0.9.8_osx_release/addons/ofxUI/src/ofxUIImageSlider.cpp</string>
				<key>sourceTree</key>
				<string>SOURCE_ROOT</string>
			</dict>
			<key>EB792492EAF17E7E08A0F849</key>
			<dict>
				<key>explicitFileType</key>
				<string>sourcecode.c.h</string>
				<key>fileEncoding</key>
				<string>30</string>
				<key>isa</key>
				<string>PBXFileReference</string>
				<key>name</key>
				<string>ofxUIImageSampler.h</string>
				<key>path</key>
				<string>../../../../of_v0.9.8_osx_release/addons/ofxUI/src/ofxUIImageSampler.h</string>
				<key>sourceTree</key>
				<string>SOURCE_ROOT</string>
			</dict>
			<key>80528F536670F1DE7175B478</key>
			<dict>
				<key>fileRef</key>
				<string>A8B2127559D751AC544F71C3</string>
				<key>isa</key>
				<string>PBXBuildFile</string>
			</dict>
			<key>A8B2127559D751AC544F71C3</key>
			<dict>
				<key>explicitFileType</key>
				<string>sourcecode.cpp.cpp</string>
				<key>fileEncoding</key>
				<string>30</string>
				<key>isa</key>
				<string>PBXFileReference</string>
				<key>name</key>
				<string>ofxUIImageSampler.cpp</string>
				<key>path</key>
				<string>../../../../of_v0.9.8_osx_release/addons/ofxUI/src/ofxUIImageSampler.cpp</string>
				<key>sourceTree</key>
				<string>SOURCE_ROOT</string>
			</dict>
			<key>8F0B61022D5D32F7CF190422</key>
			<dict>
				<key>explicitFileType</key>
				<string>sourcecode.c.h</string>
				<key>fileEncoding</key>
				<string>30</string>
				<key>isa</key>
				<string>PBXFileReference</string>
				<key>name</key>
				<string>ofxUIImageButton.h</string>
				<key>path</key>
				<string>../../../../of_v0.9.8_osx_release/addons/ofxUI/src/ofxUIImageButton.h</string>
				<key>sourceTree</key>
				<string>SOURCE_ROOT</string>
			</dict>
			<key>B02BF7FE0C2BB6496BF4B924</key>
			<dict>
				<key>fileRef</key>
				<string>DFA15C7250F2C15C1E1E8335</string>
				<key>isa</key>
				<string>PBXBuildFile</string>
			</dict>
			<key>DFA15C7250F2C15C1E1E8335</key>
			<dict>
				<key>explicitFileType</key>
				<string>sourcecode.cpp.cpp</string>
				<key>fileEncoding</key>
				<string>30</string>
				<key>isa</key>
				<string>PBXFileReference</string>
				<key>name</key>
				<string>ofxUIImageButton.cpp</string>
				<key>path</key>
				<string>../../../../of_v0.9.8_osx_release/addons/ofxUI/src/ofxUIImageButton.cpp</string>
				<key>sourceTree</key>
				<string>SOURCE_ROOT</string>
			</dict>
			<key>CCDB9F2C846CB749E32D989B</key>
			<dict>
				<key>explicitFileType</key>
				<string>sourcecode.c.h</string>
				<key>fileEncoding</key>
				<string>30</string>
				<key>isa</key>
				<string>PBXFileReference</string>
				<key>name</key>
				<string>ofxUIImage.h</string>
				<key>path</key>
				<string>../../../../of_v0.9.8_osx_release/addons/ofxUI/src/ofxUIImage.h</string>
				<key>sourceTree</key>
				<string>SOURCE_ROOT</string>
			</dict>
			<key>C87FBF0A3CF8A10040F48711</key>
			<dict>
				<key>fileRef</key>
				<string>69E64329D99E6BF9DF0D0C85</string>
				<key>isa</key>
				<string>PBXBuildFile</string>
			</dict>
			<key>69E64329D99E6BF9DF0D0C85</key>
			<dict>
				<key>explicitFileType</key>
				<string>sourcecode.cpp.cpp</string>
				<key>fileEncoding</key>
				<string>30</string>
				<key>isa</key>
				<string>PBXFileReference</string>
				<key>name</key>
				<string>ofxUIImage.cpp</string>
				<key>path</key>
				<string>../../../../of_v0.9.8_osx_release/addons/ofxUI/src/ofxUIImage.cpp</string>
				<key>sourceTree</key>
				<string>SOURCE_ROOT</string>
			</dict>
			<key>48A7A14F16471DBE56EF0DFD</key>
			<dict>
				<key>explicitFileType</key>
				<string>sourcecode.c.h</string>
				<key>fileEncoding</key>
				<string>30</string>
				<key>isa</key>
				<string>PBXFileReference</string>
				<key>name</key>
				<string>ofxUIFPSSlider.h</string>
				<key>path</key>
				<string>../../../../of_v0.9.8_osx_release/addons/ofxUI/src/ofxUIFPSSlider.h</string>
				<key>sourceTree</key>
				<string>SOURCE_ROOT</string>
			</dict>
			<key>48310A5F2AB5B991593046EE</key>
			<dict>
				<key>fileRef</key>
				<string>CE9D49348592F11733224D38</string>
				<key>isa</key>
				<string>PBXBuildFile</string>
			</dict>
			<key>CE9D49348592F11733224D38</key>
			<dict>
				<key>explicitFileType</key>
				<string>sourcecode.cpp.cpp</string>
				<key>fileEncoding</key>
				<string>30</string>
				<key>isa</key>
				<string>PBXFileReference</string>
				<key>name</key>
				<string>ofxUIFPSSlider.cpp</string>
				<key>path</key>
				<string>../../../../of_v0.9.8_osx_release/addons/ofxUI/src/ofxUIFPSSlider.cpp</string>
				<key>sourceTree</key>
				<string>SOURCE_ROOT</string>
			</dict>
			<key>76F909C959773381A7853C0C</key>
			<dict>
				<key>explicitFileType</key>
				<string>sourcecode.c.h</string>
				<key>fileEncoding</key>
				<string>30</string>
				<key>isa</key>
				<string>PBXFileReference</string>
				<key>name</key>
				<string>ofxUIFPS.h</string>
				<key>path</key>
				<string>../../../../of_v0.9.8_osx_release/addons/ofxUI/src/ofxUIFPS.h</string>
				<key>sourceTree</key>
				<string>SOURCE_ROOT</string>
			</dict>
			<key>E22076D5F39171BAFA6C7B68</key>
			<dict>
				<key>fileRef</key>
				<string>8D88732A9E19FE3D6BE9C727</string>
				<key>isa</key>
				<string>PBXBuildFile</string>
			</dict>
			<key>8D88732A9E19FE3D6BE9C727</key>
			<dict>
				<key>explicitFileType</key>
				<string>sourcecode.cpp.cpp</string>
				<key>fileEncoding</key>
				<string>30</string>
				<key>isa</key>
				<string>PBXFileReference</string>
				<key>name</key>
				<string>ofxUIFPS.cpp</string>
				<key>path</key>
				<string>../../../../of_v0.9.8_osx_release/addons/ofxUI/src/ofxUIFPS.cpp</string>
				<key>sourceTree</key>
				<string>SOURCE_ROOT</string>
			</dict>
			<key>A00480EF07FBE1F0202D0B3A</key>
			<dict>
				<key>explicitFileType</key>
				<string>sourcecode.c.h</string>
				<key>fileEncoding</key>
				<string>30</string>
				<key>isa</key>
				<string>PBXFileReference</string>
				<key>name</key>
				<string>ofxUIEventArgs.h</string>
				<key>path</key>
				<string>../../../../of_v0.9.8_osx_release/addons/ofxUI/src/ofxUIEventArgs.h</string>
				<key>sourceTree</key>
				<string>SOURCE_ROOT</string>
			</dict>
			<key>16A4E2D540EA495272D92D19</key>
			<dict>
				<key>fileRef</key>
				<string>5891010A6B428FA5895153C1</string>
				<key>isa</key>
				<string>PBXBuildFile</string>
			</dict>
			<key>5891010A6B428FA5895153C1</key>
			<dict>
				<key>explicitFileType</key>
				<string>sourcecode.cpp.cpp</string>
				<key>fileEncoding</key>
				<string>30</string>
				<key>isa</key>
				<string>PBXFileReference</string>
				<key>name</key>
				<string>ofxUIEventArgs.cpp</string>
				<key>path</key>
				<string>../../../../of_v0.9.8_osx_release/addons/ofxUI/src/ofxUIEventArgs.cpp</string>
				<key>sourceTree</key>
				<string>SOURCE_ROOT</string>
			</dict>
			<key>AB406B5BAF5EC676193C807A</key>
			<dict>
				<key>explicitFileType</key>
				<string>sourcecode.c.h</string>
				<key>fileEncoding</key>
				<string>30</string>
				<key>isa</key>
				<string>PBXFileReference</string>
				<key>name</key>
				<string>ofxUIDropDownList.h</string>
				<key>path</key>
				<string>../../../../of_v0.9.8_osx_release/addons/ofxUI/src/ofxUIDropDownList.h</string>
				<key>sourceTree</key>
				<string>SOURCE_ROOT</string>
			</dict>
			<key>E972AC1A6394EA1B3EF83DB9</key>
			<dict>
				<key>fileRef</key>
				<string>C65BB07EEE22A963D6212A4A</string>
				<key>isa</key>
				<string>PBXBuildFile</string>
			</dict>
			<key>C65BB07EEE22A963D6212A4A</key>
			<dict>
				<key>explicitFileType</key>
				<string>sourcecode.cpp.cpp</string>
				<key>fileEncoding</key>
				<string>30</string>
				<key>isa</key>
				<string>PBXFileReference</string>
				<key>name</key>
				<string>ofxUIDropDownList.cpp</string>
				<key>path</key>
				<string>../../../../of_v0.9.8_osx_release/addons/ofxUI/src/ofxUIDropDownList.cpp</string>
				<key>sourceTree</key>
				<string>SOURCE_ROOT</string>
			</dict>
			<key>38EECD4662802DF7033C8405</key>
			<dict>
				<key>explicitFileType</key>
				<string>sourcecode.c.h</string>
				<key>fileEncoding</key>
				<string>30</string>
				<key>isa</key>
				<string>PBXFileReference</string>
				<key>name</key>
				<string>ofxUIDragableLabelButton.h</string>
				<key>path</key>
				<string>../../../../of_v0.9.8_osx_release/addons/ofxUI/src/ofxUIDragableLabelButton.h</string>
				<key>sourceTree</key>
				<string>SOURCE_ROOT</string>
			</dict>
			<key>1E6AAF8354296F148781FC10</key>
			<dict>
				<key>fileRef</key>
				<string>43937DE1DBD244944A86B9A3</string>
				<key>isa</key>
				<string>PBXBuildFile</string>
			</dict>
			<key>43937DE1DBD244944A86B9A3</key>
			<dict>
				<key>explicitFileType</key>
				<string>sourcecode.cpp.cpp</string>
				<key>fileEncoding</key>
				<string>30</string>
				<key>isa</key>
				<string>PBXFileReference</string>
				<key>name</key>
				<string>ofxUIDragableLabelButton.cpp</string>
				<key>path</key>
				<string>../../../../of_v0.9.8_osx_release/addons/ofxUI/src/ofxUIDragableLabelButton.cpp</string>
				<key>sourceTree</key>
				<string>SOURCE_ROOT</string>
			</dict>
			<key>E1722944629AFAD5DFAD85D0</key>
			<dict>
				<key>explicitFileType</key>
				<string>sourcecode.c.h</string>
				<key>fileEncoding</key>
				<string>30</string>
				<key>isa</key>
				<string>PBXFileReference</string>
				<key>name</key>
				<string>ofxUIDefines.h</string>
				<key>path</key>
				<string>../../../../of_v0.9.8_osx_release/addons/ofxUI/src/ofxUIDefines.h</string>
				<key>sourceTree</key>
				<string>SOURCE_ROOT</string>
			</dict>
			<key>0903F69E3126FC96C1B65DDC</key>
			<dict>
				<key>explicitFileType</key>
				<string>sourcecode.c.h</string>
				<key>fileEncoding</key>
				<string>30</string>
				<key>isa</key>
				<string>PBXFileReference</string>
				<key>name</key>
				<string>ofxUICircleSlider.h</string>
				<key>path</key>
				<string>../../../../of_v0.9.8_osx_release/addons/ofxUI/src/ofxUICircleSlider.h</string>
				<key>sourceTree</key>
				<string>SOURCE_ROOT</string>
			</dict>
			<key>531FE4AD358137BB9D8ABBD6</key>
			<dict>
				<key>fileRef</key>
				<string>34E046D850E25A790F54A657</string>
				<key>isa</key>
				<string>PBXBuildFile</string>
			</dict>
			<key>34E046D850E25A790F54A657</key>
			<dict>
				<key>explicitFileType</key>
				<string>sourcecode.cpp.cpp</string>
				<key>fileEncoding</key>
				<string>30</string>
				<key>isa</key>
				<string>PBXFileReference</string>
				<key>name</key>
				<string>ofxUICircleSlider.cpp</string>
				<key>path</key>
				<string>../../../../of_v0.9.8_osx_release/addons/ofxUI/src/ofxUICircleSlider.cpp</string>
				<key>sourceTree</key>
				<string>SOURCE_ROOT</string>
			</dict>
			<key>C3673EB0BBD478F30EDD2EC9</key>
			<dict>
				<key>explicitFileType</key>
				<string>sourcecode.c.h</string>
				<key>fileEncoding</key>
				<string>30</string>
				<key>isa</key>
				<string>PBXFileReference</string>
				<key>name</key>
				<string>ofxUICanvas.h</string>
				<key>path</key>
				<string>../../../../of_v0.9.8_osx_release/addons/ofxUI/src/ofxUICanvas.h</string>
				<key>sourceTree</key>
				<string>SOURCE_ROOT</string>
			</dict>
			<key>D25A885F3BB4B870707675A5</key>
			<dict>
				<key>fileRef</key>
				<string>6E3B2A3EECFE59D2DB63780A</string>
				<key>isa</key>
				<string>PBXBuildFile</string>
			</dict>
			<key>6E3B2A3EECFE59D2DB63780A</key>
			<dict>
				<key>explicitFileType</key>
				<string>sourcecode.cpp.cpp</string>
				<key>fileEncoding</key>
				<string>30</string>
				<key>isa</key>
				<string>PBXFileReference</string>
				<key>name</key>
				<string>ofxUICanvas.cpp</string>
				<key>path</key>
				<string>../../../../of_v0.9.8_osx_release/addons/ofxUI/src/ofxUICanvas.cpp</string>
				<key>sourceTree</key>
				<string>SOURCE_ROOT</string>
			</dict>
			<key>A3C95E3771D7B0279A2F6FF7</key>
			<dict>
				<key>explicitFileType</key>
				<string>sourcecode.c.h</string>
				<key>fileEncoding</key>
				<string>30</string>
				<key>isa</key>
				<string>PBXFileReference</string>
				<key>name</key>
				<string>ofxUIButton.h</string>
				<key>path</key>
				<string>../../../../of_v0.9.8_osx_release/addons/ofxUI/src/ofxUIButton.h</string>
				<key>sourceTree</key>
				<string>SOURCE_ROOT</string>
			</dict>
			<key>3D31093F257B5C6FB4202B12</key>
			<dict>
				<key>fileRef</key>
				<string>8AB80D6DACFCDE73750C5FBD</string>
				<key>isa</key>
				<string>PBXBuildFile</string>
			</dict>
			<key>8AB80D6DACFCDE73750C5FBD</key>
			<dict>
				<key>explicitFileType</key>
				<string>sourcecode.cpp.cpp</string>
				<key>fileEncoding</key>
				<string>30</string>
				<key>isa</key>
				<string>PBXFileReference</string>
				<key>name</key>
				<string>ofxUIButton.cpp</string>
				<key>path</key>
				<string>../../../../of_v0.9.8_osx_release/addons/ofxUI/src/ofxUIButton.cpp</string>
				<key>sourceTree</key>
				<string>SOURCE_ROOT</string>
			</dict>
			<key>923A03736B83171D394C9C7A</key>
			<dict>
				<key>explicitFileType</key>
				<string>sourcecode.c.h</string>
				<key>fileEncoding</key>
				<string>30</string>
				<key>isa</key>
				<string>PBXFileReference</string>
				<key>name</key>
				<string>ofxUIBiLabelSlider.h</string>
				<key>path</key>
				<string>../../../../of_v0.9.8_osx_release/addons/ofxUI/src/ofxUIBiLabelSlider.h</string>
				<key>sourceTree</key>
				<string>SOURCE_ROOT</string>
			</dict>
			<key>9009156EF0FD127F83206767</key>
			<dict>
				<key>fileRef</key>
				<string>F7F4717DF70F29C53E8026AA</string>
				<key>isa</key>
				<string>PBXBuildFile</string>
			</dict>
			<key>F7F4717DF70F29C53E8026AA</key>
			<dict>
				<key>explicitFileType</key>
				<string>sourcecode.cpp.cpp</string>
				<key>fileEncoding</key>
				<string>30</string>
				<key>isa</key>
				<string>PBXFileReference</string>
				<key>name</key>
				<string>ofxUIBiLabelSlider.cpp</string>
				<key>path</key>
				<string>../../../../of_v0.9.8_osx_release/addons/ofxUI/src/ofxUIBiLabelSlider.cpp</string>
				<key>sourceTree</key>
				<string>SOURCE_ROOT</string>
			</dict>
			<key>4E8425060EDB6030070B7D83</key>
			<dict>
				<key>explicitFileType</key>
				<string>sourcecode.c.h</string>
				<key>fileEncoding</key>
				<string>30</string>
				<key>isa</key>
				<string>PBXFileReference</string>
				<key>name</key>
				<string>ofxUIBaseDraws.h</string>
				<key>path</key>
				<string>../../../../of_v0.9.8_osx_release/addons/ofxUI/src/ofxUIBaseDraws.h</string>
				<key>sourceTree</key>
				<string>SOURCE_ROOT</string>
			</dict>
			<key>FD5363893B2B043B068095AC</key>
			<dict>
				<key>fileRef</key>
				<string>D9A98DA1E00107582AF0B4BA</string>
				<key>isa</key>
				<string>PBXBuildFile</string>
			</dict>
			<key>D9A98DA1E00107582AF0B4BA</key>
			<dict>
				<key>explicitFileType</key>
				<string>sourcecode.cpp.cpp</string>
				<key>fileEncoding</key>
				<string>30</string>
				<key>isa</key>
				<string>PBXFileReference</string>
				<key>name</key>
				<string>ofxUIBaseDraws.cpp</string>
				<key>path</key>
				<string>../../../../of_v0.9.8_osx_release/addons/ofxUI/src/ofxUIBaseDraws.cpp</string>
				<key>sourceTree</key>
				<string>SOURCE_ROOT</string>
			</dict>
			<key>D999441B06CF1D43783B047E</key>
			<dict>
				<key>explicitFileType</key>
				<string>sourcecode.c.h</string>
				<key>fileEncoding</key>
				<string>30</string>
				<key>isa</key>
				<string>PBXFileReference</string>
				<key>name</key>
				<string>ofxUI2DPad.h</string>
				<key>path</key>
				<string>../../../../of_v0.9.8_osx_release/addons/ofxUI/src/ofxUI2DPad.h</string>
				<key>sourceTree</key>
				<string>SOURCE_ROOT</string>
			</dict>
			<key>076B276C6D2D8D857B8087C7</key>
			<dict>
				<key>fileRef</key>
				<string>8ACA0AA9709E2E15D452AF20</string>
				<key>isa</key>
				<string>PBXBuildFile</string>
			</dict>
			<key>8ACA0AA9709E2E15D452AF20</key>
			<dict>
				<key>explicitFileType</key>
				<string>sourcecode.cpp.cpp</string>
				<key>fileEncoding</key>
				<string>30</string>
				<key>isa</key>
				<string>PBXFileReference</string>
				<key>name</key>
				<string>ofxUI2DPad.cpp</string>
				<key>path</key>
				<string>../../../../of_v0.9.8_osx_release/addons/ofxUI/src/ofxUI2DPad.cpp</string>
				<key>sourceTree</key>
				<string>SOURCE_ROOT</string>
			</dict>
			<key>FAE79B77BD8FD48A31569673</key>
			<dict>
				<key>explicitFileType</key>
				<string>sourcecode.c.h</string>
				<key>fileEncoding</key>
				<string>30</string>
				<key>isa</key>
				<string>PBXFileReference</string>
				<key>name</key>
				<string>ofxUI2DGraph.h</string>
				<key>path</key>
				<string>../../../../of_v0.9.8_osx_release/addons/ofxUI/src/ofxUI2DGraph.h</string>
				<key>sourceTree</key>
				<string>SOURCE_ROOT</string>
			</dict>
			<key>31EAA2104C425111079A1D0C</key>
			<dict>
				<key>fileRef</key>
				<string>1C008113CE0EB9FAFEDF9C52</string>
				<key>isa</key>
				<string>PBXBuildFile</string>
			</dict>
			<key>1C008113CE0EB9FAFEDF9C52</key>
			<dict>
				<key>explicitFileType</key>
				<string>sourcecode.cpp.cpp</string>
				<key>fileEncoding</key>
				<string>30</string>
				<key>isa</key>
				<string>PBXFileReference</string>
				<key>name</key>
				<string>ofxUI2DGraph.cpp</string>
				<key>path</key>
				<string>../../../../of_v0.9.8_osx_release/addons/ofxUI/src/ofxUI2DGraph.cpp</string>
				<key>sourceTree</key>
				<string>SOURCE_ROOT</string>
			</dict>
			<key>D60F85FE32E11F4003B80627</key>
			<dict>
				<key>children</key>
				<array>
					<string>A5B83C7797A2AFA528E25F8A</string>
					<string>1C008113CE0EB9FAFEDF9C52</string>
					<string>FAE79B77BD8FD48A31569673</string>
					<string>8ACA0AA9709E2E15D452AF20</string>
					<string>D999441B06CF1D43783B047E</string>
					<string>D9A98DA1E00107582AF0B4BA</string>
					<string>4E8425060EDB6030070B7D83</string>
					<string>F7F4717DF70F29C53E8026AA</string>
					<string>923A03736B83171D394C9C7A</string>
					<string>8AB80D6DACFCDE73750C5FBD</string>
					<string>A3C95E3771D7B0279A2F6FF7</string>
					<string>6E3B2A3EECFE59D2DB63780A</string>
					<string>C3673EB0BBD478F30EDD2EC9</string>
					<string>34E046D850E25A790F54A657</string>
					<string>0903F69E3126FC96C1B65DDC</string>
					<string>E1722944629AFAD5DFAD85D0</string>
					<string>43937DE1DBD244944A86B9A3</string>
					<string>38EECD4662802DF7033C8405</string>
					<string>C65BB07EEE22A963D6212A4A</string>
					<string>AB406B5BAF5EC676193C807A</string>
					<string>5891010A6B428FA5895153C1</string>
					<string>A00480EF07FBE1F0202D0B3A</string>
					<string>8D88732A9E19FE3D6BE9C727</string>
					<string>76F909C959773381A7853C0C</string>
					<string>CE9D49348592F11733224D38</string>
					<string>48A7A14F16471DBE56EF0DFD</string>
					<string>69E64329D99E6BF9DF0D0C85</string>
					<string>CCDB9F2C846CB749E32D989B</string>
					<string>DFA15C7250F2C15C1E1E8335</string>
					<string>8F0B61022D5D32F7CF190422</string>
					<string>A8B2127559D751AC544F71C3</string>
					<string>EB792492EAF17E7E08A0F849</string>
					<string>0ABCBD165555F03CC8A5864B</string>
					<string>53D74A54DB49764B9593D944</string>
					<string>B3C45E378C93E73F81E244B8</string>
					<string>E55B77E28CAB4CE5103A4483</string>
					<string>EC26EFC732EB6C7B452E1EAD</string>
					<string>F816C9E3D6616F5DF9C59CC1</string>
					<string>F3D568A18F774DE7DEDB90FB</string>
					<string>A791A3C6CAD8A3DC7844DB43</string>
					<string>24346AE18219C2F0D5D07395</string>
					<string>EA3F65E57811FB1E0A3A9EE0</string>
					<string>9D7159144DE9AF5E83181F66</string>
					<string>055F07CA0875BC43453F53E5</string>
					<string>EC82149F394A99D107B29EFD</string>
					<string>9E213C4212936FCAA5634297</string>
					<string>502E5E43972BE62DC3E76294</string>
					<string>978F3ADC6B1C6EF7BCC56604</string>
					<string>329D991B9E54B79CDBE442AD</string>
					<string>D3EEE30E2C66206D30AF9F1D</string>
					<string>027D5221CC8B221A345CA252</string>
					<string>53AFE2586185C15C66A6CF0B</string>
					<string>2B6AF9ADF36175FF24575793</string>
					<string>069ED1544025ECABBB08F165</string>
					<string>DE092229E442130D298A2715</string>
					<string>6C6B465FAD5BE2988E59029B</string>
					<string>8924B07C6D1A1518295491DF</string>
					<string>FD54CC2B5BA0EC7D1FCC2623</string>
					<string>FCDCA3C53E469781B2EC006F</string>
					<string>773B7E75C35A236B81A1C7EC</string>
					<string>D4F6EE6105D736A11D64E140</string>
					<string>E4E5429056256C010DF55207</string>
					<string>A049AB3A2DE2BDF109068C42</string>
					<string>7376F5871AF16C971A8ED819</string>
					<string>162EB16E40E193D4C83508EB</string>
					<string>9E73D0215141D8DF5967590F</string>
					<string>5D2497FC090473E92BAC4C41</string>
					<string>23CC1E99801D156A63A584F1</string>
					<string>BBFC577C7FFBC0054BD0FA1C</string>
					<string>4C13B4D60AC441D954BBB278</string>
					<string>9F709BEF35C7CF66DFFF86BB</string>
					<string>44F2877A53653BB54879D82F</string>
					<string>BECAB31F46E09C1A6CD5DFFD</string>
					<string>927EF084D6C23FB1AC1CA568</string>
					<string>AA83376F654685FC17666D2A</string>
					<string>E13626FBECA167CF92AD8BAE</string>
					<string>D8B793CE07A3532B56FEC7EC</string>
					<string>3B4260024D101A3D666C57FB</string>
					<string>61F5188111C4CE9E91CB5664</string>
					<string>8A9299714E002A0CECF83584</string>
					<string>084B6FBD28DB64F887A0C20D</string>
					<string>791B4DCB284EF9B55B7493B1</string>
					<string>73CE7F889F7C9430E83C3108</string>
					<string>00E7AF136E16F3BFD378D604</string>
					<string>1DD09BB88F85FC002211D9C4</string>
					<string>37B811D9E3D8317F8B0162D8</string>
					<string>FAFCB1C70650AB130460543B</string>
					<string>184AE9D550491D4B307C6678</string>
					<string>28A5B8BD7BDA3AE5203F51CD</string>
					<string>794CDF97B2D1AE5F0CA9189B</string>
					<string>E20FD66842F61A5FD11364E4</string>
					<string>5B10035D2E336C0ACDCA01BE</string>
					<string>BAB1E600B509F797BB3FBBE3</string>
					<string>8EE0C45000B85DAB029A5172</string>
				</array>
				<key>isa</key>
				<string>PBXGroup</string>
				<key>name</key>
				<string>src</string>
				<key>sourceTree</key>
				<string>&lt;group&gt;</string>
			</dict>
			<key>A492CE86424AB8905550BFD8</key>
			<dict>
				<key>children</key>
				<array>
					<string>D60F85FE32E11F4003B80627</string>
				</array>
				<key>isa</key>
				<string>PBXGroup</string>
				<key>name</key>
				<string>ofxUI</string>
				<key>sourceTree</key>
				<string>&lt;group&gt;</string>
			</dict>
			<key>A5B83C7797A2AFA528E25F8A</key>
			<dict>
				<key>explicitFileType</key>
				<string>sourcecode.c.h</string>
				<key>fileEncoding</key>
				<string>30</string>
				<key>isa</key>
				<string>PBXFileReference</string>
				<key>name</key>
				<string>ofxUI.h</string>
				<key>path</key>
				<string>../../../../of_v0.9.8_osx_release/addons/ofxUI/src/ofxUI.h</string>
				<key>sourceTree</key>
				<string>SOURCE_ROOT</string>
			</dict>
			<key>6948EE371B920CB800B5AC1A</key>
			<dict>
				<key>children</key>
				<array />
				<key>isa</key>
				<string>PBXGroup</string>
				<key>name</key>
				<string>local_addons</string>
				<key>sourceTree</key>
				<string>&lt;group&gt;</string>
			</dict>
			<key>BB4B014C10F69532006C3DED</key>
			<dict>
				<key>children</key>
				<array>
					<string>A492CE86424AB8905550BFD8</string>
					<string>1F4FB5C423662B96ADFDCC0B</string>
				</array>
				<key>isa</key>
				<string>PBXGroup</string>
				<key>name</key>
				<string>addons</string>
				<key>sourceTree</key>
				<string>&lt;group&gt;</string>
			</dict>
			<key>E4328143138ABC890047C5CB</key>
			<dict>
				<key>isa</key>
				<string>PBXFileReference</string>
				<key>lastKnownFileType</key>
				<string>wrapper.pb-project</string>
				<key>name</key>
				<string>openFrameworksLib.xcodeproj</string>
				<key>path</key>
				<string>../../../../of_v0.9.8_osx_release/libs/openFrameworksCompiled/project/osx/openFrameworksLib.xcodeproj</string>
				<key>sourceTree</key>
				<string>SOURCE_ROOT</string>
			</dict>
			<key>E4328144138ABC890047C5CB</key>
			<dict>
				<key>children</key>
				<array>
					<string>E4328148138ABC890047C5CB</string>
				</array>
				<key>isa</key>
				<string>PBXGroup</string>
				<key>name</key>
				<string>Products</string>
				<key>sourceTree</key>
				<string>&lt;group&gt;</string>
			</dict>
			<key>E4328147138ABC890047C5CB</key>
			<dict>
				<key>containerPortal</key>
				<string>E4328143138ABC890047C5CB</string>
				<key>isa</key>
				<string>PBXContainerItemProxy</string>
				<key>proxyType</key>
				<string>2</string>
				<key>remoteGlobalIDString</key>
				<string>E4B27C1510CBEB8E00536013</string>
				<key>remoteInfo</key>
				<string>openFrameworks</string>
			</dict>
			<key>E4328148138ABC890047C5CB</key>
			<dict>
				<key>fileType</key>
				<string>archive.ar</string>
				<key>isa</key>
				<string>PBXReferenceProxy</string>
				<key>path</key>
				<string>openFrameworksDebug.a</string>
				<key>remoteRef</key>
				<string>E4328147138ABC890047C5CB</string>
				<key>sourceTree</key>
				<string>BUILT_PRODUCTS_DIR</string>
			</dict>
			<key>E4328149138ABC9F0047C5CB</key>
			<dict>
				<key>fileRef</key>
				<string>E4328148138ABC890047C5CB</string>
				<key>isa</key>
				<string>PBXBuildFile</string>
			</dict>
			<key>E4B69B4A0A3A1720003C02F2</key>
			<dict>
				<key>children</key>
				<array>
					<string>E4B6FCAD0C3E899E008CF71C</string>
					<string>E4EB6923138AFD0F00A09F29</string>
					<string>E4B69E1C0A3A1BDC003C02F2</string>
					<string>E4EEC9E9138DF44700A80321</string>
					<string>BB4B014C10F69532006C3DED</string>
					<string>6948EE371B920CB800B5AC1A</string>
					<string>E4B69B5B0A3A1756003C02F2</string>
				</array>
				<key>isa</key>
				<string>PBXGroup</string>
				<key>sourceTree</key>
				<string>&lt;group&gt;</string>
			</dict>
			<key>E4B69B4C0A3A1720003C02F2</key>
			<dict>
				<key>attributes</key>
				<dict>
					<key>LastUpgradeCheck</key>
					<string>0600</string>
				</dict>
				<key>buildConfigurationList</key>
				<string>E4B69B4D0A3A1720003C02F2</string>
				<key>compatibilityVersion</key>
				<string>Xcode 3.2</string>
				<key>developmentRegion</key>
				<string>English</string>
				<key>hasScannedForEncodings</key>
				<string>0</string>
				<key>isa</key>
				<string>PBXProject</string>
				<key>knownRegions</key>
				<array>
					<string>English</string>
					<string>Japanese</string>
					<string>French</string>
					<string>German</string>
				</array>
				<key>mainGroup</key>
				<string>E4B69B4A0A3A1720003C02F2</string>
				<key>productRefGroup</key>
				<string>E4B69B4A0A3A1720003C02F2</string>
				<key>projectDirPath</key>
				<string />
				<key>projectReferences</key>
				<array>
					<dict>
						<key>ProductGroup</key>
						<string>E4328144138ABC890047C5CB</string>
						<key>ProjectRef</key>
						<string>E4328143138ABC890047C5CB</string>
					</dict>
				</array>
				<key>projectRoot</key>
				<string />
				<key>targets</key>
				<array>
					<string>E4B69B5A0A3A1756003C02F2</string>
				</array>
			</dict>
			<key>E4B69B4D0A3A1720003C02F2</key>
			<dict>
				<key>buildConfigurations</key>
				<array>
					<string>E4B69B4E0A3A1720003C02F2</string>
					<string>E4B69B4F0A3A1720003C02F2</string>
				</array>
				<key>defaultConfigurationIsVisible</key>
				<string>0</string>
				<key>defaultConfigurationName</key>
				<string>Release</string>
				<key>isa</key>
				<string>XCConfigurationList</string>
			</dict>
			<key>E4B69B4E0A3A1720003C02F2</key>
			<dict>
				<key>baseConfigurationReference</key>
				<string>E4EB6923138AFD0F00A09F29</string>
				<key>buildSettings</key>
				<dict>
					<key>HEADER_SEARCH_PATHS</key>
					<array>
						<string>$(OF_CORE_HEADERS)</string>
						<string>src</string>
						<string>../../../../of_v0.9.8_osx_release/addons/ofxUI/src</string>
						<string>../../../../of_v0.9.8_osx_release/addons/ofxXmlSettings/libs</string>
						<string>../../../../of_v0.9.8_osx_release/addons/ofxXmlSettings/src</string>
					</array>
					<key>CONFIGURATION_BUILD_DIR</key>
					<string>$(SRCROOT)/bin/</string>
					<key>COPY_PHASE_STRIP</key>
					<string>NO</string>
					<key>DEAD_CODE_STRIPPING</key>
					<string>YES</string>
					<key>GCC_AUTO_VECTORIZATION</key>
					<string>YES</string>
					<key>GCC_ENABLE_SSE3_EXTENSIONS</key>
					<string>YES</string>
					<key>GCC_ENABLE_SUPPLEMENTAL_SSE3_INSTRUCTIONS</key>
					<string>YES</string>
					<key>GCC_INLINES_ARE_PRIVATE_EXTERN</key>
					<string>NO</string>
					<key>GCC_OPTIMIZATION_LEVEL</key>
					<string>0</string>
					<key>GCC_SYMBOLS_PRIVATE_EXTERN</key>
					<string>NO</string>
					<key>GCC_WARN_ABOUT_DEPRECATED_FUNCTIONS</key>
					<string>YES</string>
					<key>GCC_WARN_ABOUT_INVALID_OFFSETOF_MACRO</key>
					<string>NO</string>
					<key>GCC_WARN_ALLOW_INCOMPLETE_PROTOCOL</key>
					<string>NO</string>
					<key>GCC_WARN_UNINITIALIZED_AUTOS</key>
					<string>NO</string>
					<key>GCC_WARN_UNUSED_VALUE</key>
					<string>NO</string>
					<key>GCC_WARN_UNUSED_VARIABLE</key>
					<string>NO</string>
					<key>MACOSX_DEPLOYMENT_TARGET</key>
					<string>10.8</string>
					<key>ONLY_ACTIVE_ARCH</key>
					<string>YES</string>
					<key>OTHER_CPLUSPLUSFLAGS</key>
					<array>
						<string>-D__MACOSX_CORE__</string>
						<string>-mtune=native</string>
					</array>
					<key>SDKROOT</key>
					<string>macosx</string>
				</dict>
				<key>isa</key>
				<string>XCBuildConfiguration</string>
				<key>name</key>
				<string>Debug</string>
			</dict>
			<key>E4B69B4F0A3A1720003C02F2</key>
			<dict>
				<key>baseConfigurationReference</key>
				<string>E4EB6923138AFD0F00A09F29</string>
				<key>buildSettings</key>
				<dict>
					<key>HEADER_SEARCH_PATHS</key>
					<array>
						<string>$(OF_CORE_HEADERS)</string>
						<string>src</string>
						<string>../../../../of_v0.9.8_osx_release/addons/ofxUI/src</string>
						<string>../../../../of_v0.9.8_osx_release/addons/ofxXmlSettings/libs</string>
						<string>../../../../of_v0.9.8_osx_release/addons/ofxXmlSettings/src</string>
					</array>
					<key>CONFIGURATION_BUILD_DIR</key>
					<string>$(SRCROOT)/bin/</string>
					<key>COPY_PHASE_STRIP</key>
					<string>YES</string>
					<key>DEAD_CODE_STRIPPING</key>
					<string>YES</string>
					<key>GCC_AUTO_VECTORIZATION</key>
					<string>YES</string>
					<key>GCC_ENABLE_SSE3_EXTENSIONS</key>
					<string>YES</string>
					<key>GCC_ENABLE_SUPPLEMENTAL_SSE3_INSTRUCTIONS</key>
					<string>YES</string>
					<key>GCC_INLINES_ARE_PRIVATE_EXTERN</key>
					<string>NO</string>
					<key>GCC_OPTIMIZATION_LEVEL</key>
					<string>3</string>
					<key>GCC_SYMBOLS_PRIVATE_EXTERN</key>
					<string>NO</string>
					<key>GCC_UNROLL_LOOPS</key>
					<string>YES</string>
					<key>GCC_WARN_ABOUT_DEPRECATED_FUNCTIONS</key>
					<string>YES</string>
					<key>GCC_WARN_ABOUT_INVALID_OFFSETOF_MACRO</key>
					<string>NO</string>
					<key>GCC_WARN_ALLOW_INCOMPLETE_PROTOCOL</key>
					<string>NO</string>
					<key>GCC_WARN_UNINITIALIZED_AUTOS</key>
					<string>NO</string>
					<key>GCC_WARN_UNUSED_VALUE</key>
					<string>NO</string>
					<key>GCC_WARN_UNUSED_VARIABLE</key>
					<string>NO</string>
					<key>MACOSX_DEPLOYMENT_TARGET</key>
					<string>10.8</string>
					<key>OTHER_CPLUSPLUSFLAGS</key>
					<array>
						<string>-D__MACOSX_CORE__</string>
						<string>-mtune=native</string>
					</array>
					<key>SDKROOT</key>
					<string>macosx</string>
				</dict>
				<key>isa</key>
				<string>XCBuildConfiguration</string>
				<key>name</key>
				<string>Release</string>
			</dict>
			<key>E4B69B580A3A1756003C02F2</key>
			<dict>
				<key>buildActionMask</key>
				<string>2147483647</string>
				<key>files</key>
				<array>
					<string>E4B69E200A3A1BDC003C02F2</string>
					<string>E4B69E210A3A1BDC003C02F2</string>
					<string>31EAA2104C425111079A1D0C</string>
					<string>076B276C6D2D8D857B8087C7</string>
					<string>FD5363893B2B043B068095AC</string>
					<string>9009156EF0FD127F83206767</string>
					<string>3D31093F257B5C6FB4202B12</string>
					<string>D25A885F3BB4B870707675A5</string>
					<string>531FE4AD358137BB9D8ABBD6</string>
					<string>1E6AAF8354296F148781FC10</string>
					<string>E972AC1A6394EA1B3EF83DB9</string>
					<string>16A4E2D540EA495272D92D19</string>
					<string>E22076D5F39171BAFA6C7B68</string>
					<string>48310A5F2AB5B991593046EE</string>
					<string>C87FBF0A3CF8A10040F48711</string>
					<string>B02BF7FE0C2BB6496BF4B924</string>
					<string>80528F536670F1DE7175B478</string>
					<string>4962FC5A24948336D8E6EE34</string>
					<string>1230E7F4C8F4908459BA8E7B</string>
					<string>7DD036E144DB382C7AFB24C9</string>
					<string>B841B2DEDC31A1E323DF23A7</string>
					<string>F32DAF305FE42A1FE6608B44</string>
					<string>DB354B4F9C26F6CC22530F6D</string>
					<string>305DB0819D680305B8FD1DE7</string>
					<string>379E46D9C25C28252C8E5971</string>
					<string>993A2C6E610D00362E2269E9</string>
					<string>D6592D016DCDEA8EC09146D6</string>
					<string>F111B64359AA04F08EA7889F</string>
					<string>D7A435BD3D65CD4507C83EB9</string>
					<string>4DF3D925D4EBEA21FC9714A1</string>
					<string>56CA485AD324113659842ABD</string>
					<string>252E97AE6DD49E9F972A9507</string>
					<string>20BFE4AA60748A05BB02B038</string>
					<string>A4F862192091757C275DC13C</string>
					<string>0A9DC511724C8BE7D6CAAD54</string>
					<string>EC59899D199862AAFFEDFD06</string>
					<string>A1EE04A80FCE4E46CAE38C2B</string>
					<string>D64970E30DB0A63BB30EF86D</string>
					<string>8153874E44509B5806DBFBD4</string>
					<string>8D3A9AC73E25FC9AC0E8CE20</string>
					<string>5B0310371987641EFEB3C69A</string>
					<string>B77DC0C9768DB1D25BF4A5FC</string>
					<string>49011D87AEC594DF7C082A1D</string>
					<string>278BF9C0CA085DC05E52AF91</string>
					<string>BBF4EB84156F7BA2485DA581</string>
					<string>36F01A47C14C80D5B1DD8BE1</string>
					<string>714E86379B39208FDB716F28</string>
					<string>3600D807A5B83CD628F7FAB9</string>
					<string>25653A1486D215120E921428</string>
					<string>560BF41B37A404F2E9146330</string>
				</array>
				<key>isa</key>
				<string>PBXSourcesBuildPhase</string>
				<key>runOnlyForDeploymentPostprocessing</key>
				<string>0</string>
			</dict>
			<key>E4B69B590A3A1756003C02F2</key>
			<dict>
				<key>buildActionMask</key>
				<string>2147483647</string>
				<key>files</key>
				<array>
					<string>E4328149138ABC9F0047C5CB</string>
				</array>
				<key>isa</key>
				<string>PBXFrameworksBuildPhase</string>
				<key>runOnlyForDeploymentPostprocessing</key>
				<string>0</string>
			</dict>
			<key>E4B69B5A0A3A1756003C02F2</key>
			<dict>
				<key>buildConfigurationList</key>
				<string>E4B69B5F0A3A1757003C02F2</string>
				<key>buildPhases</key>
				<array>
					<string>E4B69B580A3A1756003C02F2</string>
					<string>E4B69B590A3A1756003C02F2</string>
					<string>E4B6FFFD0C3F9AB9008CF71C</string>
					<string>E4C2427710CC5ABF004149E2</string>
				</array>
				<key>buildRules</key>
				<array />
				<key>dependencies</key>
				<array>
					<string>E4EEB9AC138B136A00A80321</string>
				</array>
				<key>isa</key>
				<string>PBXNativeTarget</string>
				<key>name</key>
				<string>lights_camera2</string>
				<key>productName</key>
				<string>myOFApp</string>
				<key>productReference</key>
				<string>E4B69B5B0A3A1756003C02F2</string>
				<key>productType</key>
				<string>com.apple.product-type.application</string>
			</dict>
			<key>E4B69B5B0A3A1756003C02F2</key>
			<dict>
				<key>explicitFileType</key>
				<string>wrapper.application</string>
				<key>includeInIndex</key>
				<string>0</string>
				<key>isa</key>
				<string>PBXFileReference</string>
				<key>path</key>
				<string>lights_camera2Debug.app</string>
				<key>sourceTree</key>
				<string>BUILT_PRODUCTS_DIR</string>
			</dict>
			<key>E4B69B5F0A3A1757003C02F2</key>
			<dict>
				<key>buildConfigurations</key>
				<array>
					<string>E4B69B600A3A1757003C02F2</string>
					<string>E4B69B610A3A1757003C02F2</string>
				</array>
				<key>defaultConfigurationIsVisible</key>
				<string>0</string>
				<key>defaultConfigurationName</key>
				<string>Release</string>
				<key>isa</key>
				<string>XCConfigurationList</string>
			</dict>
			<key>E4B69B600A3A1757003C02F2</key>
			<dict>
				<key>baseConfigurationReference</key>
				<string>E4EB6923138AFD0F00A09F29</string>
				<key>buildSettings</key>
				<dict>
					<key>HEADER_SEARCH_PATHS</key>
					<array>
						<string>$(OF_CORE_HEADERS)</string>
						<string>src</string>
						<string>../../../../of_v0.9.8_osx_release/addons/ofxUI/src</string>
						<string>../../../../of_v0.9.8_osx_release/addons/ofxXmlSettings/libs</string>
						<string>../../../../of_v0.9.8_osx_release/addons/ofxXmlSettings/src</string>
					</array>
					<key>COMBINE_HIDPI_IMAGES</key>
					<string>YES</string>
					<key>COPY_PHASE_STRIP</key>
					<string>NO</string>
					<key>FRAMEWORK_SEARCH_PATHS</key>
					<array>
						<string>$(inherited)</string>
						<string>$(FRAMEWORK_SEARCH_PATHS_QUOTED_FOR_TARGET_1)</string>
					</array>
					<key>FRAMEWORK_SEARCH_PATHS_QUOTED_FOR_TARGET_1</key>
					<string>"$(SRCROOT)/../../../../of_v0.9.8_osx_release/libs/glut/lib/osx"</string>
					<key>GCC_DYNAMIC_NO_PIC</key>
					<string>NO</string>
					<key>GCC_GENERATE_DEBUGGING_SYMBOLS</key>
					<string>YES</string>
					<key>GCC_MODEL_TUNING</key>
					<string>NONE</string>
					<key>ICON</key>
					<string>$(ICON_NAME_DEBUG)</string>
					<key>ICON_FILE</key>
					<string>$(ICON_FILE_PATH)$(ICON)</string>
					<key>INFOPLIST_FILE</key>
					<string>openFrameworks-Info.plist</string>
					<key>INSTALL_PATH</key>
					<string>/Applications</string>
					<key>LIBRARY_SEARCH_PATHS</key>
					<string>$(inherited)</string>
					<key>PRODUCT_NAME</key>
					<string>$(TARGET_NAME)Debug</string>
					<key>WRAPPER_EXTENSION</key>
					<string>app</string>
				</dict>
				<key>isa</key>
				<string>XCBuildConfiguration</string>
				<key>name</key>
				<string>Debug</string>
			</dict>
			<key>E4B69B610A3A1757003C02F2</key>
			<dict>
				<key>baseConfigurationReference</key>
				<string>E4EB6923138AFD0F00A09F29</string>
				<key>buildSettings</key>
				<dict>
					<key>HEADER_SEARCH_PATHS</key>
					<array>
						<string>$(OF_CORE_HEADERS)</string>
						<string>src</string>
						<string>../../../../of_v0.9.8_osx_release/addons/ofxUI/src</string>
						<string>../../../../of_v0.9.8_osx_release/addons/ofxXmlSettings/libs</string>
						<string>../../../../of_v0.9.8_osx_release/addons/ofxXmlSettings/src</string>
					</array>
					<key>COMBINE_HIDPI_IMAGES</key>
					<string>YES</string>
					<key>COPY_PHASE_STRIP</key>
					<string>YES</string>
					<key>FRAMEWORK_SEARCH_PATHS</key>
					<array>
						<string>$(inherited)</string>
						<string>$(FRAMEWORK_SEARCH_PATHS_QUOTED_FOR_TARGET_1)</string>
					</array>
					<key>FRAMEWORK_SEARCH_PATHS_QUOTED_FOR_TARGET_1</key>
					<string>"$(SRCROOT)/../../../../of_v0.9.8_osx_release/libs/glut/lib/osx"</string>
					<key>GCC_GENERATE_DEBUGGING_SYMBOLS</key>
					<string>YES</string>
					<key>GCC_MODEL_TUNING</key>
					<string>NONE</string>
					<key>ICON</key>
					<string>$(ICON_NAME_RELEASE)</string>
					<key>ICON_FILE</key>
					<string>$(ICON_FILE_PATH)$(ICON)</string>
					<key>INFOPLIST_FILE</key>
					<string>openFrameworks-Info.plist</string>
					<key>INSTALL_PATH</key>
					<string>/Applications</string>
					<key>LIBRARY_SEARCH_PATHS</key>
					<string>$(inherited)</string>
					<key>PRODUCT_NAME</key>
					<string>$(TARGET_NAME)</string>
					<key>WRAPPER_EXTENSION</key>
					<string>app</string>
					<key>baseConfigurationReference</key>
					<string>E4EB6923138AFD0F00A09F29</string>
				</dict>
				<key>isa</key>
				<string>XCBuildConfiguration</string>
				<key>name</key>
				<string>Release</string>
			</dict>
			<key>E4B69E1C0A3A1BDC003C02F2</key>
			<dict>
				<key>children</key>
				<array>
					<string>E4B69E1D0A3A1BDC003C02F2</string>
					<string>E4B69E1E0A3A1BDC003C02F2</string>
					<string>E4B69E1F0A3A1BDC003C02F2</string>
				</array>
				<key>isa</key>
				<string>PBXGroup</string>
				<key>path</key>
				<string>src</string>
				<key>sourceTree</key>
				<string>SOURCE_ROOT</string>
			</dict>
			<key>E4B69E1D0A3A1BDC003C02F2</key>
			<dict>
				<key>fileEncoding</key>
				<string>30</string>
				<key>isa</key>
				<string>PBXFileReference</string>
				<key>lastKnownFileType</key>
				<string>sourcecode.cpp.cpp</string>
				<key>name</key>
				<string>main.cpp</string>
				<key>path</key>
				<string>src/main.cpp</string>
				<key>sourceTree</key>
				<string>SOURCE_ROOT</string>
			</dict>
			<key>E4B69E1E0A3A1BDC003C02F2</key>
			<dict>
				<key>explicitFileType</key>
				<string>sourcecode.cpp.cpp</string>
				<key>fileEncoding</key>
				<string>30</string>
				<key>isa</key>
				<string>PBXFileReference</string>
				<key>name</key>
				<string>ofApp.cpp</string>
				<key>path</key>
				<string>src/ofApp.cpp</string>
				<key>sourceTree</key>
				<string>SOURCE_ROOT</string>
			</dict>
			<key>E4B69E1F0A3A1BDC003C02F2</key>
			<dict>
				<key>fileEncoding</key>
				<string>30</string>
				<key>isa</key>
				<string>PBXFileReference</string>
				<key>lastKnownFileType</key>
				<string>sourcecode.c.h</string>
				<key>name</key>
				<string>ofApp.h</string>
				<key>path</key>
				<string>src/ofApp.h</string>
				<key>sourceTree</key>
				<string>SOURCE_ROOT</string>
			</dict>
			<key>E4B69E200A3A1BDC003C02F2</key>
			<dict>
				<key>fileRef</key>
				<string>E4B69E1D0A3A1BDC003C02F2</string>
				<key>isa</key>
				<string>PBXBuildFile</string>
			</dict>
			<key>E4B69E210A3A1BDC003C02F2</key>
			<dict>
				<key>fileRef</key>
				<string>E4B69E1E0A3A1BDC003C02F2</string>
				<key>isa</key>
				<string>PBXBuildFile</string>
			</dict>
			<key>E4B6FCAD0C3E899E008CF71C</key>
			<dict>
				<key>fileEncoding</key>
				<string>30</string>
				<key>isa</key>
				<string>PBXFileReference</string>
				<key>lastKnownFileType</key>
				<string>text.plist.xml</string>
				<key>path</key>
				<string>openFrameworks-Info.plist</string>
				<key>sourceTree</key>
				<string>&lt;group&gt;</string>
			</dict>
			<key>E4B6FFFD0C3F9AB9008CF71C</key>
			<dict>
				<key>buildActionMask</key>
				<string>2147483647</string>
				<key>files</key>
				<array />
				<key>inputPaths</key>
				<array />
				<key>isa</key>
				<string>PBXShellScriptBuildPhase</string>
				<key>outputPaths</key>
				<array />
				<key>runOnlyForDeploymentPostprocessing</key>
				<string>0</string>
				<key>shellPath</key>
				<string>/bin/sh</string>
				<key>shellScript</key>
				<string>mkdir -p "$TARGET_BUILD_DIR/$PRODUCT_NAME.app/Contents/Resources/"
# Copy default icon file into App/Resources
rsync -aved "$ICON_FILE" "$TARGET_BUILD_DIR/$PRODUCT_NAME.app/Contents/Resources/"
# Copy libfmod and change install directory for fmod to run
rsync -aved ../../../../of_v0.9.8_osx_release/libs/fmodex/lib/osx/libfmodex.dylib "$TARGET_BUILD_DIR/$PRODUCT_NAME.app/Contents/Frameworks/";
install_name_tool -change @executable_path/libfmodex.dylib @executable_path/../Frameworks/libfmodex.dylib "$TARGET_BUILD_DIR/$PRODUCT_NAME.app/Contents/MacOS/$PRODUCT_NAME";
# Copy GLUT framework (must remove for AppStore submissions)
rsync -aved ../../../../of_v0.9.8_osx_release/libs/glut/lib/osx/GLUT.framework "$TARGET_BUILD_DIR/$PRODUCT_NAME.app/Contents/Frameworks/"
</string>
			</dict>
			<key>E4C2427710CC5ABF004149E2</key>
			<dict>
				<key>buildActionMask</key>
				<string>2147483647</string>
				<key>dstPath</key>
				<string />
				<key>dstSubfolderSpec</key>
				<string>10</string>
				<key>files</key>
				<array />
				<key>isa</key>
				<string>PBXCopyFilesBuildPhase</string>
				<key>runOnlyForDeploymentPostprocessing</key>
				<string>0</string>
			</dict>
			<key>E4EB691F138AFCF100A09F29</key>
			<dict>
				<key>fileEncoding</key>
				<string>4</string>
				<key>isa</key>
				<string>PBXFileReference</string>
				<key>lastKnownFileType</key>
				<string>text.xcconfig</string>
				<key>name</key>
				<string>CoreOF.xcconfig</string>
				<key>path</key>
				<string>../../../../of_v0.9.8_osx_release/libs/openFrameworksCompiled/project/osx/CoreOF.xcconfig</string>
				<key>sourceTree</key>
				<string>SOURCE_ROOT</string>
			</dict>
			<key>E4EB6923138AFD0F00A09F29</key>
			<dict>
				<key>fileEncoding</key>
				<string>4</string>
				<key>isa</key>
				<string>PBXFileReference</string>
				<key>lastKnownFileType</key>
				<string>text.xcconfig</string>
				<key>path</key>
				<string>Project.xcconfig</string>
				<key>sourceTree</key>
				<string>&lt;group&gt;</string>
			</dict>
			<key>E4EEB9AB138B136A00A80321</key>
			<dict>
				<key>containerPortal</key>
				<string>E4328143138ABC890047C5CB</string>
				<key>isa</key>
				<string>PBXContainerItemProxy</string>
				<key>proxyType</key>
				<string>1</string>
				<key>remoteGlobalIDString</key>
				<string>E4B27C1410CBEB8E00536013</string>
				<key>remoteInfo</key>
				<string>openFrameworks</string>
			</dict>
			<key>E4EEB9AC138B136A00A80321</key>
			<dict>
				<key>isa</key>
				<string>PBXTargetDependency</string>
				<key>name</key>
				<string>openFrameworks</string>
				<key>targetProxy</key>
				<string>E4EEB9AB138B136A00A80321</string>
			</dict>
			<key>E4EEC9E9138DF44700A80321</key>
			<dict>
				<key>children</key>
				<array>
					<string>E4EB691F138AFCF100A09F29</string>
					<string>E4328143138ABC890047C5CB</string>
				</array>
				<key>isa</key>
				<string>PBXGroup</string>
				<key>name</key>
				<string>openFrameworks</string>
				<key>sourceTree</key>
				<string>&lt;group&gt;</string>
			</dict>
		</dict>
		<key>rootObject</key>
		<string>E4B69B4C0A3A1720003C02F2</string>
	</dict>
</plist>
